// !$*UTF8*$!
{
	archiveVersion = 1;
	classes = {
	};
	objectVersion = 50;
	objects = {

/* Begin PBXBuildFile section */
		BF00138B237427670044C01A /* Eureka.swift in Sources */ = {isa = PBXBuildFile; fileRef = BF00138A237427660044C01A /* Eureka.swift */; };
		BF05418F2361EF98008628CF /* FontAwesome.framework in Frameworks */ = {isa = PBXBuildFile; fileRef = BF05418E2361EF98008628CF /* FontAwesome.framework */; };
		BF0541902361EF98008628CF /* FontAwesome.framework in Embed Frameworks */ = {isa = PBXBuildFile; fileRef = BF05418E2361EF98008628CF /* FontAwesome.framework */; settings = {ATTRIBUTES = (CodeSignOnCopy, RemoveHeadersOnCopy, ); }; };
		BF058D772282BCAC00E2A077 /* AuthSigninController.swift in Sources */ = {isa = PBXBuildFile; fileRef = BF058D762282BCAC00E2A077 /* AuthSigninController.swift */; };
		BF058D792282BCB600E2A077 /* AuthFlow.swift in Sources */ = {isa = PBXBuildFile; fileRef = BF058D782282BCB600E2A077 /* AuthFlow.swift */; };
		BF058D7B2282BCC500E2A077 /* AuthSigninReactor.swift in Sources */ = {isa = PBXBuildFile; fileRef = BF058D7A2282BCC500E2A077 /* AuthSigninReactor.swift */; };
		BF058D7E2282BCDD00E2A077 /* AuthService.swift in Sources */ = {isa = PBXBuildFile; fileRef = BF058D7D2282BCDD00E2A077 /* AuthService.swift */; };
		BF0BB9FB236B495F00454BDD /* Eureka+Valid+Rx.swift in Sources */ = {isa = PBXBuildFile; fileRef = BF0BB9FA236B495F00454BDD /* Eureka+Valid+Rx.swift */; };
		BF0CD6AB22563C9800844F9A /* Strings.swift in Sources */ = {isa = PBXBuildFile; fileRef = BF0CD6AA22563C9800844F9A /* Strings.swift */; };
		BF0CD6B622563CC200844F9A /* Localizable.strings in Resources */ = {isa = PBXBuildFile; fileRef = BF0CD6B822563CC200844F9A /* Localizable.strings */; };
		BF19509422B4EC2C00C593E5 /* RxRelay.framework in Frameworks */ = {isa = PBXBuildFile; fileRef = BF19509322B4EC2C00C593E5 /* RxRelay.framework */; };
		BF19509622B7CEEB00C593E5 /* Url.swift in Sources */ = {isa = PBXBuildFile; fileRef = BF19509522B7CEEB00C593E5 /* Url.swift */; };
		BF2AE774228C2DDC003C5B85 /* Alamofire.framework in Frameworks */ = {isa = PBXBuildFile; fileRef = BF2AE773228C2DDB003C5B85 /* Alamofire.framework */; };
		BF313C71229E64C200ADECF2 /* Validator.framework in Frameworks */ = {isa = PBXBuildFile; fileRef = BF313C70229E64C200ADECF2 /* Validator.framework */; };
		BF31714322AA6E7C005F2732 /* RxSwift.framework in Frameworks */ = {isa = PBXBuildFile; fileRef = BF4A2F35225B4F7F0001B4CE /* RxSwift.framework */; };
		BF3B775523608F4400ECD30A /* CoreUIButton.swift in Sources */ = {isa = PBXBuildFile; fileRef = BF3B775423608F4400ECD30A /* CoreUIButton.swift */; };
		BF3B77572360985700ECD30A /* CoreUILabel.swift in Sources */ = {isa = PBXBuildFile; fileRef = BF3B77562360985700ECD30A /* CoreUILabel.swift */; };
		BF3B775A2360C01F00ECD30A /* CoreUITextField.swift in Sources */ = {isa = PBXBuildFile; fileRef = BF3B77592360C01F00ECD30A /* CoreUITextField.swift */; };
		BF3B775C2360C35D00ECD30A /* UIColor.swift in Sources */ = {isa = PBXBuildFile; fileRef = BF3B775B2360C35D00ECD30A /* UIColor.swift */; };
		BF425484221EBB9700395AE6 /* AppDelegate.swift in Sources */ = {isa = PBXBuildFile; fileRef = BF425483221EBB9700395AE6 /* AppDelegate.swift */; };
		BF425486221EBB9700395AE6 /* TasksListController.swift in Sources */ = {isa = PBXBuildFile; fileRef = BF425485221EBB9700395AE6 /* TasksListController.swift */; };
		BF425488221EBB9700395AE6 /* SecondController.swift in Sources */ = {isa = PBXBuildFile; fileRef = BF425487221EBB9700395AE6 /* SecondController.swift */; };
		BF42548D221EBB9800395AE6 /* Assets.xcassets in Resources */ = {isa = PBXBuildFile; fileRef = BF42548C221EBB9800395AE6 /* Assets.xcassets */; };
		BF425490221EBB9800395AE6 /* LaunchScreen.storyboard in Resources */ = {isa = PBXBuildFile; fileRef = BF42548E221EBB9800395AE6 /* LaunchScreen.storyboard */; };
		BF42549B221EBB9800395AE6 /* swiftTests.swift in Sources */ = {isa = PBXBuildFile; fileRef = BF42549A221EBB9800395AE6 /* swiftTests.swift */; };
		BF4254A6221EBB9800395AE6 /* swiftUITests.swift in Sources */ = {isa = PBXBuildFile; fileRef = BF4254A5221EBB9800395AE6 /* swiftUITests.swift */; };
		BF49EA0D2362CC2D00FF06E9 /* L10n.swift in Sources */ = {isa = PBXBuildFile; fileRef = BF49EA0C2362CC2D00FF06E9 /* L10n.swift */; };
		BF49EA132362E51B00FF06E9 /* UserController.swift in Sources */ = {isa = PBXBuildFile; fileRef = BF49EA122362E51B00FF06E9 /* UserController.swift */; };
		BF49EA152362E53D00FF06E9 /* UserFlow.swift in Sources */ = {isa = PBXBuildFile; fileRef = BF49EA142362E53D00FF06E9 /* UserFlow.swift */; };
		BF49EA172362E54800FF06E9 /* UserReactor.swift in Sources */ = {isa = PBXBuildFile; fileRef = BF49EA162362E54800FF06E9 /* UserReactor.swift */; };
		BF4A2F37225B4F7F0001B4CE /* RxFlow.framework in Frameworks */ = {isa = PBXBuildFile; fileRef = BF4A2F31225B4F7F0001B4CE /* RxFlow.framework */; };
		BF4A2F3A225B4F7F0001B4CE /* RxCocoa.framework in Frameworks */ = {isa = PBXBuildFile; fileRef = BF4A2F34225B4F7F0001B4CE /* RxCocoa.framework */; };
		BF4A2F45225B751F0001B4CE /* AppFlow.swift in Sources */ = {isa = PBXBuildFile; fileRef = BF4A2F44225B751F0001B4CE /* AppFlow.swift */; };
		BF4A2F4D225B79A80001B4CE /* Preferences.swift in Sources */ = {isa = PBXBuildFile; fileRef = BF4A2F4C225B79A80001B4CE /* Preferences.swift */; };
		BF4A2F6A225B7C200001B4CE /* OnBoardingController.swift in Sources */ = {isa = PBXBuildFile; fileRef = BF4A2F5E225B7C200001B4CE /* OnBoardingController.swift */; };
		BF4A2F6B225B7C200001B4CE /* OnBoardingReactor.swift in Sources */ = {isa = PBXBuildFile; fileRef = BF4A2F5F225B7C200001B4CE /* OnBoardingReactor.swift */; };
		BF4A2F6D225B7D0B0001B4CE /* Reusable.framework in Frameworks */ = {isa = PBXBuildFile; fileRef = BF4A2F6C225B7D0B0001B4CE /* Reusable.framework */; };
		BF4A2F6F225BB2B10001B4CE /* OnBoardingFlow.swift in Sources */ = {isa = PBXBuildFile; fileRef = BF4A2F6E225BB2B10001B4CE /* OnBoardingFlow.swift */; };
		BF4A2F71225BB2CD0001B4CE /* CoreFlow.swift in Sources */ = {isa = PBXBuildFile; fileRef = BF4A2F70225BB2CD0001B4CE /* CoreFlow.swift */; };
		BF4A2F74225BB4B90001B4CE /* AppSteps.swift in Sources */ = {isa = PBXBuildFile; fileRef = BF4A2F73225BB4B90001B4CE /* AppSteps.swift */; };
		BF4A2F7E225BB9270001B4CE /* TasksListReactor.swift in Sources */ = {isa = PBXBuildFile; fileRef = BF4A2F7D225BB9270001B4CE /* TasksListReactor.swift */; };
		BF4A2F80225BB9360001B4CE /* SecondReactor.swift in Sources */ = {isa = PBXBuildFile; fileRef = BF4A2F7F225BB9360001B4CE /* SecondReactor.swift */; };
		BF4A2F82225BBA3F0001B4CE /* TasksFlow.swift in Sources */ = {isa = PBXBuildFile; fileRef = BF4A2F81225BBA3F0001B4CE /* TasksFlow.swift */; };
		BF4A2F84225BBA4D0001B4CE /* SecondFlow.swift in Sources */ = {isa = PBXBuildFile; fileRef = BF4A2F83225BBA4D0001B4CE /* SecondFlow.swift */; };
		BF4A2F87225C8F160001B4CE /* UILocalizations.swift in Sources */ = {isa = PBXBuildFile; fileRef = BF4A2F86225C8F160001B4CE /* UILocalizations.swift */; };
		BF4A2F9E225CA6DB0001B4CE /* CHANGELOG.md in Resources */ = {isa = PBXBuildFile; fileRef = BF4A2F8D225CA6DB0001B4CE /* CHANGELOG.md */; };
		BF4A2FA9225CA6DB0001B4CE /* Readme.md in Resources */ = {isa = PBXBuildFile; fileRef = BF4A2F9A225CA6DB0001B4CE /* Readme.md */; };
		BF4A2FAB225CA6DB0001B4CE /* LICENSE.md in Resources */ = {isa = PBXBuildFile; fileRef = BF4A2F9C225CA6DB0001B4CE /* LICENSE.md */; };
		BF4A2FAE2260F0040001B4CE /* Logger.swift in Sources */ = {isa = PBXBuildFile; fileRef = BF4A2FAD2260F0040001B4CE /* Logger.swift */; };
		BF4A2FB3226330470001B4CE /* CocoaLumberjackSwift.framework in Frameworks */ = {isa = PBXBuildFile; fileRef = BF4A2FAF2260F1710001B4CE /* CocoaLumberjackSwift.framework */; };
		BF4A2FB4226331B30001B4CE /* CocoaLumberjack.framework in Frameworks */ = {isa = PBXBuildFile; fileRef = BF4A2FB12260F40E0001B4CE /* CocoaLumberjack.framework */; };
		BF4A2FC0226479D20001B4CE /* Configuration.swift in Sources */ = {isa = PBXBuildFile; fileRef = BF4A2FBF226479D20001B4CE /* Configuration.swift */; };
		BF4A2FC42264A2350001B4CE /* SwiftyJSON.framework in Frameworks */ = {isa = PBXBuildFile; fileRef = BF4A2FC32264A2350001B4CE /* SwiftyJSON.framework */; };
		BF4A2FCD2264A6810001B4CE /* production.json in Resources */ = {isa = PBXBuildFile; fileRef = BF4A2FC92264A4B00001B4CE /* production.json */; };
		BF4A2FCE2264A6810001B4CE /* development.json in Resources */ = {isa = PBXBuildFile; fileRef = BF4A2FCA2264A4B00001B4CE /* development.json */; };
		BF4A2FD42265F4020001B4CE /* UserDefaults.swift in Sources */ = {isa = PBXBuildFile; fileRef = BF4A2FD32265F4020001B4CE /* UserDefaults.swift */; };
		BF4A2FD9226710F10001B4CE /* RxDataSources.framework in Frameworks */ = {isa = PBXBuildFile; fileRef = BF4A2FD8226710F10001B4CE /* RxDataSources.framework */; };
		BF71BD9322A12A2E002CF9DE /* Validations.swift in Sources */ = {isa = PBXBuildFile; fileRef = BF71BD9222A12A2E002CF9DE /* Validations.swift */; };
		BF78B5F32293CD680057157A /* ObservableType+Extras.swift in Sources */ = {isa = PBXBuildFile; fileRef = BF78B5F22293CD680057157A /* ObservableType+Extras.swift */; };
		BF78B5FA22942CBB0057157A /* CoreModel.swift in Sources */ = {isa = PBXBuildFile; fileRef = BF78B5F922942CBB0057157A /* CoreModel.swift */; };
		BF78B5FC22942CCD0057157A /* CoreResponses.swift in Sources */ = {isa = PBXBuildFile; fileRef = BF78B5FB22942CCD0057157A /* CoreResponses.swift */; };
		BF78B60822954B3F0057157A /* me.json in Resources */ = {isa = PBXBuildFile; fileRef = BF78B60622954B3F0057157A /* me.json */; };
		BF78B61A2295DBF70057157A /* RxAppState.framework in Frameworks */ = {isa = PBXBuildFile; fileRef = BF78B6192295DBF70057157A /* RxAppState.framework */; };
		BF78B61C229683A90057157A /* token.json in Resources */ = {isa = PBXBuildFile; fileRef = BF78B61B229683A90057157A /* token.json */; };
		BF78B61E2296CE7B0057157A /* TokenState.swift in Sources */ = {isa = PBXBuildFile; fileRef = BF78B61D2296CE7B0057157A /* TokenState.swift */; };
		BF78B622229949410057157A /* AuthSignupController.swift in Sources */ = {isa = PBXBuildFile; fileRef = BF78B621229949410057157A /* AuthSignupController.swift */; };
		BF78B624229949740057157A /* AuthSignupReactor.swift in Sources */ = {isa = PBXBuildFile; fileRef = BF78B623229949740057157A /* AuthSignupReactor.swift */; };
		BF78B626229964050057157A /* signUp.json in Resources */ = {isa = PBXBuildFile; fileRef = BF78B625229964050057157A /* signUp.json */; };
		BF78B628229964290057157A /* signIn.json in Resources */ = {isa = PBXBuildFile; fileRef = BF78B627229964290057157A /* signIn.json */; };
		BF78B62A229D3F090057157A /* Toaster.framework in Frameworks */ = {isa = PBXBuildFile; fileRef = BF78B629229D3F090057157A /* Toaster.framework */; };
		BF794D3A22671CD8000B19F3 /* TasksModel.swift in Sources */ = {isa = PBXBuildFile; fileRef = BF794D3922671CD8000B19F3 /* TasksModel.swift */; };
		BF794D41226856E6000B19F3 /* Differentiator.framework in Frameworks */ = {isa = PBXBuildFile; fileRef = BF794D40226856E6000B19F3 /* Differentiator.framework */; };
		BF794D51226880FB000B19F3 /* TasksService.swift in Sources */ = {isa = PBXBuildFile; fileRef = BF794D50226880FB000B19F3 /* TasksService.swift */; };
		BF794D532269C4FB000B19F3 /* TasksViewController.swift in Sources */ = {isa = PBXBuildFile; fileRef = BF794D522269C4FB000B19F3 /* TasksViewController.swift */; };
		BF8BD5F7235F30660083B912 /* KeyboardConstraints.swift in Sources */ = {isa = PBXBuildFile; fileRef = BF8BD5F6235F30660083B912 /* KeyboardConstraints.swift */; };
		BF8C6723227C3E1E0012B5A8 /* TasksCellReactor.swift in Sources */ = {isa = PBXBuildFile; fileRef = BF8C6722227C3E1E0012B5A8 /* TasksCellReactor.swift */; };
		BF8C6725227C3E310012B5A8 /* TasksCellController.swift in Sources */ = {isa = PBXBuildFile; fileRef = BF8C6724227C3E310012B5A8 /* TasksCellController.swift */; };
		BF8C6727227C43E80012B5A8 /* Array+SectionModel.swift in Sources */ = {isa = PBXBuildFile; fileRef = BF8C6726227C43E80012B5A8 /* Array+SectionModel.swift */; };
		BF8C672A2280176B0012B5A8 /* ReusableKit.swift in Sources */ = {isa = PBXBuildFile; fileRef = BF8C67292280176B0012B5A8 /* ReusableKit.swift */; };
		BF8C672C2280177E0012B5A8 /* UICollectionView+ReusableKit.swift in Sources */ = {isa = PBXBuildFile; fileRef = BF8C672B2280177E0012B5A8 /* UICollectionView+ReusableKit.swift */; };
		BF8C672E228017940012B5A8 /* UITableView+ReusableKit.swift in Sources */ = {isa = PBXBuildFile; fileRef = BF8C672D228017940012B5A8 /* UITableView+ReusableKit.swift */; };
		BF8C6731228022140012B5A8 /* UICollectionView+RxReusableKit.swift in Sources */ = {isa = PBXBuildFile; fileRef = BF8C6730228022140012B5A8 /* UICollectionView+RxReusableKit.swift */; };
		BF8C67332280222A0012B5A8 /* UITableView+RxReusableKit.swift in Sources */ = {isa = PBXBuildFile; fileRef = BF8C67322280222A0012B5A8 /* UITableView+RxReusableKit.swift */; };
		BF8CAC6A2369741A00B0B546 /* Eureka.framework in Frameworks */ = {isa = PBXBuildFile; fileRef = BF8CAC692369741A00B0B546 /* Eureka.framework */; };
		BF8F6ED1227063F100B9447A /* RxOptional.framework in Frameworks */ = {isa = PBXBuildFile; fileRef = BF8F6ED0227063F100B9447A /* RxOptional.framework */; };
		BF8F6ED92273442100B9447A /* SnapKit.framework in Frameworks */ = {isa = PBXBuildFile; fileRef = BF8F6ED82273442100B9447A /* SnapKit.framework */; };
		BF8F6EDB2273453100B9447A /* Then.swift in Sources */ = {isa = PBXBuildFile; fileRef = BF8F6EDA2273453100B9447A /* Then.swift */; };
		BF9A3642228C33A900EE2AB8 /* ReactorKitRuntime.framework in Frameworks */ = {isa = PBXBuildFile; fileRef = BF9A3640228C33A900EE2AB8 /* ReactorKitRuntime.framework */; };
		BF9A3643228C33A900EE2AB8 /* ReactorKit.framework in Frameworks */ = {isa = PBXBuildFile; fileRef = BF9A3641228C33A900EE2AB8 /* ReactorKit.framework */; };
		BF9A365B228C39E200EE2AB8 /* RxMoya.framework in Frameworks */ = {isa = PBXBuildFile; fileRef = BF9A365A228C39E200EE2AB8 /* RxMoya.framework */; };
		BF9A3663228C3F2500EE2AB8 /* TasksApi.swift in Sources */ = {isa = PBXBuildFile; fileRef = BF9A3662228C3F2500EE2AB8 /* TasksApi.swift */; };
		BF9A3669228D5CDA00EE2AB8 /* delete.json in Resources */ = {isa = PBXBuildFile; fileRef = BF9A3665228D5CDA00EE2AB8 /* delete.json */; };
		BF9A366A228D5CDA00EE2AB8 /* list.json in Resources */ = {isa = PBXBuildFile; fileRef = BF9A3666228D5CDA00EE2AB8 /* list.json */; };
		BF9A366B228D5CDA00EE2AB8 /* create.json in Resources */ = {isa = PBXBuildFile; fileRef = BF9A3667228D5CDA00EE2AB8 /* create.json */; };
		BF9A366C228D5CDA00EE2AB8 /* get.json in Resources */ = {isa = PBXBuildFile; fileRef = BF9A3668228D5CDA00EE2AB8 /* get.json */; };
		BF9A366E228D5E7B00EE2AB8 /* update.json in Resources */ = {isa = PBXBuildFile; fileRef = BF9A366D228D5E7B00EE2AB8 /* update.json */; };
		BF9A3670228D5F2700EE2AB8 /* Stubbed.swift in Sources */ = {isa = PBXBuildFile; fileRef = BF9A366F228D5F2700EE2AB8 /* Stubbed.swift */; };
		BF9A3674228DFDAE00EE2AB8 /* TasksResponses.swift in Sources */ = {isa = PBXBuildFile; fileRef = BF9A3673228DFDAE00EE2AB8 /* TasksResponses.swift */; };
		BF9A3676228E9BD500EE2AB8 /* MyResult.swift in Sources */ = {isa = PBXBuildFile; fileRef = BF9A3675228E9BD500EE2AB8 /* MyResult.swift */; };
		BF9A3679228EB0A900EE2AB8 /* Networking.swift in Sources */ = {isa = PBXBuildFile; fileRef = BF9A3678228EB0A900EE2AB8 /* Networking.swift */; };
		BF9A367D228EE72700EE2AB8 /* Errors.swift in Sources */ = {isa = PBXBuildFile; fileRef = BF9A367C228EE72700EE2AB8 /* Errors.swift */; };
		BF9A368322900F7200EE2AB8 /* AuthApi.swift in Sources */ = {isa = PBXBuildFile; fileRef = BF9A368222900F7200EE2AB8 /* AuthApi.swift */; };
		BF9A368622901D7000EE2AB8 /* UserModel.swift in Sources */ = {isa = PBXBuildFile; fileRef = BF9A368522901D7000EE2AB8 /* UserModel.swift */; };
		BF9A368822902DE200EE2AB8 /* AuthResponses.swift in Sources */ = {isa = PBXBuildFile; fileRef = BF9A368722902DE200EE2AB8 /* AuthResponses.swift */; };
		BF9A368A2291BF8C00EE2AB8 /* KeychainAccess.framework in Frameworks */ = {isa = PBXBuildFile; fileRef = BF9A36892291BF8C00EE2AB8 /* KeychainAccess.framework */; };
		BF9A368C2292D0C700EE2AB8 /* CookiePlugin.swift in Sources */ = {isa = PBXBuildFile; fileRef = BF9A368B2292D0C700EE2AB8 /* CookiePlugin.swift */; };
		BFA92D15237AC684006A3B8D /* UserApi.swift in Sources */ = {isa = PBXBuildFile; fileRef = BFA92D14237AC684006A3B8D /* UserApi.swift */; };
		BFA92D17237AC709006A3B8D /* UserService.swift in Sources */ = {isa = PBXBuildFile; fileRef = BFA92D16237AC709006A3B8D /* UserService.swift */; };
		BFA92D1A237AED1F006A3B8D /* UserViewController.swift in Sources */ = {isa = PBXBuildFile; fileRef = BFA92D19237AED1F006A3B8D /* UserViewController.swift */; };
		BFA92D1C237AED34006A3B8D /* UserViewReactor.swift in Sources */ = {isa = PBXBuildFile; fileRef = BFA92D1B237AED34006A3B8D /* UserViewReactor.swift */; };
		BFA92D1E237BEEAB006A3B8D /* UserCellReactor.swift in Sources */ = {isa = PBXBuildFile; fileRef = BFA92D1D237BEEAB006A3B8D /* UserCellReactor.swift */; };
		BFA92D20237BEEC0006A3B8D /* UserCellController.swift in Sources */ = {isa = PBXBuildFile; fileRef = BFA92D1F237BEEC0006A3B8D /* UserCellController.swift */; };
		BFA92D2D237C050C006A3B8D /* CoreCellController.swift in Sources */ = {isa = PBXBuildFile; fileRef = BFA92D2A237C050C006A3B8D /* CoreCellController.swift */; };
		BFA92D2E237C050C006A3B8D /* CoreController.swift in Sources */ = {isa = PBXBuildFile; fileRef = BFA92D2B237C050C006A3B8D /* CoreController.swift */; };
		BFA92D2F237C050C006A3B8D /* CoreFormController.swift in Sources */ = {isa = PBXBuildFile; fileRef = BFA92D2C237C050C006A3B8D /* CoreFormController.swift */; };
		BFA92D3D237DA119006A3B8D /* CoreUITableView.swift in Sources */ = {isa = PBXBuildFile; fileRef = BFA92D3C237DA119006A3B8D /* CoreUITableView.swift */; };
		BFDE25FE227B052D008CBD30 /* NSViewController+Rx.swift in Sources */ = {isa = PBXBuildFile; fileRef = BFDE25FD227B052D008CBD30 /* NSViewController+Rx.swift */; };
		BFDE2600227B053D008CBD30 /* UIViewController+Rx.swift in Sources */ = {isa = PBXBuildFile; fileRef = BFDE25FF227B053D008CBD30 /* UIViewController+Rx.swift */; };
		BFDE2602227B17D4008CBD30 /* AppServicesProvider.swift in Sources */ = {isa = PBXBuildFile; fileRef = BFDE2601227B17D4008CBD30 /* AppServicesProvider.swift */; };
		BFDE2604227B185E008CBD30 /* CoreService.swift in Sources */ = {isa = PBXBuildFile; fileRef = BFDE2603227B185E008CBD30 /* CoreService.swift */; };
		BFE4BB47226CC7BD00739735 /* TasksViewReactor.swift in Sources */ = {isa = PBXBuildFile; fileRef = BFE4BB46226CC7BD00739735 /* TasksViewReactor.swift */; };
		BFE912A22341CDA40074FAAB /* Cartfile in Resources */ = {isa = PBXBuildFile; fileRef = BFE912A02341CDA40074FAAB /* Cartfile */; };
		BFE912A32341CDA40074FAAB /* Cartfile.resolved in Resources */ = {isa = PBXBuildFile; fileRef = BFE912A12341CDA40074FAAB /* Cartfile.resolved */; };
/* End PBXBuildFile section */

/* Begin PBXContainerItemProxy section */
		BF425497221EBB9800395AE6 /* PBXContainerItemProxy */ = {
			isa = PBXContainerItemProxy;
			containerPortal = BF425478221EBB9700395AE6 /* Project object */;
			proxyType = 1;
			remoteGlobalIDString = BF42547F221EBB9700395AE6;
			remoteInfo = swift;
		};
		BF4254A2221EBB9800395AE6 /* PBXContainerItemProxy */ = {
			isa = PBXContainerItemProxy;
			containerPortal = BF425478221EBB9700395AE6 /* Project object */;
			proxyType = 1;
			remoteGlobalIDString = BF42547F221EBB9700395AE6;
			remoteInfo = swift;
		};
/* End PBXContainerItemProxy section */

/* Begin PBXCopyFilesBuildPhase section */
		BF0541912361EF98008628CF /* Embed Frameworks */ = {
			isa = PBXCopyFilesBuildPhase;
			buildActionMask = 2147483647;
			dstPath = "";
			dstSubfolderSpec = 10;
			files = (
				BF0541902361EF98008628CF /* FontAwesome.framework in Embed Frameworks */,
			);
			name = "Embed Frameworks";
			runOnlyForDeploymentPostprocessing = 0;
		};
/* End PBXCopyFilesBuildPhase section */

/* Begin PBXFileReference section */
		BF00138A237427660044C01A /* Eureka.swift */ = {isa = PBXFileReference; lastKnownFileType = sourcecode.swift; path = Eureka.swift; sourceTree = "<group>"; };
		BF05418D2361964F008628CF /* swift.entitlements */ = {isa = PBXFileReference; lastKnownFileType = text.plist.entitlements; path = swift.entitlements; sourceTree = "<group>"; };
		BF05418E2361EF98008628CF /* FontAwesome.framework */ = {isa = PBXFileReference; lastKnownFileType = wrapper.framework; name = FontAwesome.framework; path = Carthage/Build/iOS/FontAwesome.framework; sourceTree = "<group>"; };
		BF058D762282BCAC00E2A077 /* AuthSigninController.swift */ = {isa = PBXFileReference; lastKnownFileType = sourcecode.swift; path = AuthSigninController.swift; sourceTree = "<group>"; };
		BF058D782282BCB600E2A077 /* AuthFlow.swift */ = {isa = PBXFileReference; lastKnownFileType = sourcecode.swift; path = AuthFlow.swift; sourceTree = "<group>"; };
		BF058D7A2282BCC500E2A077 /* AuthSigninReactor.swift */ = {isa = PBXFileReference; lastKnownFileType = sourcecode.swift; path = AuthSigninReactor.swift; sourceTree = "<group>"; };
		BF058D7D2282BCDD00E2A077 /* AuthService.swift */ = {isa = PBXFileReference; lastKnownFileType = sourcecode.swift; path = AuthService.swift; sourceTree = "<group>"; };
		BF0BB9FA236B495F00454BDD /* Eureka+Valid+Rx.swift */ = {isa = PBXFileReference; lastKnownFileType = sourcecode.swift; path = "Eureka+Valid+Rx.swift"; sourceTree = "<group>"; };
		BF0CD6A322563B3900844F9A /* fr */ = {isa = PBXFileReference; lastKnownFileType = text.plist.strings; name = fr; path = fr.lproj/LaunchScreen.strings; sourceTree = "<group>"; };
		BF0CD6AA22563C9800844F9A /* Strings.swift */ = {isa = PBXFileReference; fileEncoding = 4; lastKnownFileType = sourcecode.swift; path = Strings.swift; sourceTree = "<group>"; };
		BF0CD6B722563CC200844F9A /* en */ = {isa = PBXFileReference; lastKnownFileType = text.plist.strings; name = en; path = en.lproj/Localizable.strings; sourceTree = "<group>"; };
		BF0CD6B922563CC300844F9A /* fr */ = {isa = PBXFileReference; lastKnownFileType = text.plist.strings; name = fr; path = fr.lproj/Localizable.strings; sourceTree = "<group>"; };
		BF19509322B4EC2C00C593E5 /* RxRelay.framework */ = {isa = PBXFileReference; lastKnownFileType = wrapper.framework; name = RxRelay.framework; path = Carthage/Build/iOS/RxRelay.framework; sourceTree = "<group>"; };
		BF19509522B7CEEB00C593E5 /* Url.swift */ = {isa = PBXFileReference; lastKnownFileType = sourcecode.swift; path = Url.swift; sourceTree = "<group>"; };
		BF2AE771228C1969003C5B85 /* Moya.framework */ = {isa = PBXFileReference; lastKnownFileType = wrapper.framework; name = Moya.framework; path = Carthage/Build/iOS/Moya.framework; sourceTree = "<group>"; };
		BF2AE773228C2DDB003C5B85 /* Alamofire.framework */ = {isa = PBXFileReference; lastKnownFileType = wrapper.framework; name = Alamofire.framework; path = Carthage/Build/iOS/Alamofire.framework; sourceTree = "<group>"; };
		BF313C70229E64C200ADECF2 /* Validator.framework */ = {isa = PBXFileReference; lastKnownFileType = wrapper.framework; name = Validator.framework; path = Carthage/Build/iOS/Validator.framework; sourceTree = "<group>"; };
		BF3B775423608F4400ECD30A /* CoreUIButton.swift */ = {isa = PBXFileReference; lastKnownFileType = sourcecode.swift; path = CoreUIButton.swift; sourceTree = "<group>"; };
		BF3B77562360985700ECD30A /* CoreUILabel.swift */ = {isa = PBXFileReference; lastKnownFileType = sourcecode.swift; path = CoreUILabel.swift; sourceTree = "<group>"; };
		BF3B77592360C01F00ECD30A /* CoreUITextField.swift */ = {isa = PBXFileReference; lastKnownFileType = sourcecode.swift; path = CoreUITextField.swift; sourceTree = "<group>"; };
		BF3B775B2360C35D00ECD30A /* UIColor.swift */ = {isa = PBXFileReference; lastKnownFileType = sourcecode.swift; path = UIColor.swift; sourceTree = "<group>"; };
		BF425480221EBB9700395AE6 /* swift.app */ = {isa = PBXFileReference; explicitFileType = wrapper.application; includeInIndex = 0; path = swift.app; sourceTree = BUILT_PRODUCTS_DIR; };
		BF425483221EBB9700395AE6 /* AppDelegate.swift */ = {isa = PBXFileReference; lastKnownFileType = sourcecode.swift; path = AppDelegate.swift; sourceTree = "<group>"; };
		BF425485221EBB9700395AE6 /* TasksListController.swift */ = {isa = PBXFileReference; lastKnownFileType = sourcecode.swift; path = TasksListController.swift; sourceTree = "<group>"; };
		BF425487221EBB9700395AE6 /* SecondController.swift */ = {isa = PBXFileReference; lastKnownFileType = sourcecode.swift; path = SecondController.swift; sourceTree = "<group>"; };
		BF42548C221EBB9800395AE6 /* Assets.xcassets */ = {isa = PBXFileReference; lastKnownFileType = folder.assetcatalog; path = Assets.xcassets; sourceTree = "<group>"; };
		BF42548F221EBB9800395AE6 /* Base */ = {isa = PBXFileReference; lastKnownFileType = file.storyboard; name = Base; path = Base.lproj/LaunchScreen.storyboard; sourceTree = "<group>"; };
		BF425491221EBB9800395AE6 /* Info.plist */ = {isa = PBXFileReference; lastKnownFileType = text.plist.xml; path = Info.plist; sourceTree = "<group>"; };
		BF425496221EBB9800395AE6 /* swiftTests.xctest */ = {isa = PBXFileReference; explicitFileType = wrapper.cfbundle; includeInIndex = 0; path = swiftTests.xctest; sourceTree = BUILT_PRODUCTS_DIR; };
		BF42549A221EBB9800395AE6 /* swiftTests.swift */ = {isa = PBXFileReference; lastKnownFileType = sourcecode.swift; path = swiftTests.swift; sourceTree = "<group>"; };
		BF42549C221EBB9800395AE6 /* Info.plist */ = {isa = PBXFileReference; lastKnownFileType = text.plist.xml; path = Info.plist; sourceTree = "<group>"; };
		BF4254A1221EBB9800395AE6 /* swiftUITests.xctest */ = {isa = PBXFileReference; explicitFileType = wrapper.cfbundle; includeInIndex = 0; path = swiftUITests.xctest; sourceTree = BUILT_PRODUCTS_DIR; };
		BF4254A5221EBB9800395AE6 /* swiftUITests.swift */ = {isa = PBXFileReference; lastKnownFileType = sourcecode.swift; path = swiftUITests.swift; sourceTree = "<group>"; };
		BF4254A7221EBB9800395AE6 /* Info.plist */ = {isa = PBXFileReference; lastKnownFileType = text.plist.xml; path = Info.plist; sourceTree = "<group>"; };
		BF49EA0C2362CC2D00FF06E9 /* L10n.swift */ = {isa = PBXFileReference; lastKnownFileType = sourcecode.swift; path = L10n.swift; sourceTree = "<group>"; };
		BF49EA122362E51B00FF06E9 /* UserController.swift */ = {isa = PBXFileReference; lastKnownFileType = sourcecode.swift; path = UserController.swift; sourceTree = "<group>"; };
		BF49EA142362E53D00FF06E9 /* UserFlow.swift */ = {isa = PBXFileReference; lastKnownFileType = sourcecode.swift; path = UserFlow.swift; sourceTree = "<group>"; };
		BF49EA162362E54800FF06E9 /* UserReactor.swift */ = {isa = PBXFileReference; lastKnownFileType = sourcecode.swift; path = UserReactor.swift; sourceTree = "<group>"; };
		BF4A2F31225B4F7F0001B4CE /* RxFlow.framework */ = {isa = PBXFileReference; lastKnownFileType = wrapper.framework; name = RxFlow.framework; path = Carthage/Build/iOS/RxFlow.framework; sourceTree = "<group>"; };
		BF4A2F32225B4F7F0001B4CE /* RxBlocking.framework */ = {isa = PBXFileReference; lastKnownFileType = wrapper.framework; name = RxBlocking.framework; path = Carthage/Build/iOS/RxBlocking.framework; sourceTree = "<group>"; };
		BF4A2F34225B4F7F0001B4CE /* RxCocoa.framework */ = {isa = PBXFileReference; lastKnownFileType = wrapper.framework; name = RxCocoa.framework; path = Carthage/Build/iOS/RxCocoa.framework; sourceTree = "<group>"; };
		BF4A2F35225B4F7F0001B4CE /* RxSwift.framework */ = {isa = PBXFileReference; lastKnownFileType = wrapper.framework; name = RxSwift.framework; path = Carthage/Build/iOS/RxSwift.framework; sourceTree = "<group>"; };
		BF4A2F36225B4F7F0001B4CE /* RxTest.framework */ = {isa = PBXFileReference; lastKnownFileType = wrapper.framework; name = RxTest.framework; path = Carthage/Build/iOS/RxTest.framework; sourceTree = "<group>"; };
		BF4A2F41225B6AD70001B4CE /* BridgingHeader.h */ = {isa = PBXFileReference; lastKnownFileType = sourcecode.c.h; path = BridgingHeader.h; sourceTree = "<group>"; };
		BF4A2F44225B751F0001B4CE /* AppFlow.swift */ = {isa = PBXFileReference; lastKnownFileType = sourcecode.swift; path = AppFlow.swift; sourceTree = "<group>"; };
		BF4A2F4C225B79A80001B4CE /* Preferences.swift */ = {isa = PBXFileReference; lastKnownFileType = sourcecode.swift; path = Preferences.swift; sourceTree = "<group>"; };
		BF4A2F5E225B7C200001B4CE /* OnBoardingController.swift */ = {isa = PBXFileReference; fileEncoding = 4; lastKnownFileType = sourcecode.swift; path = OnBoardingController.swift; sourceTree = "<group>"; };
		BF4A2F5F225B7C200001B4CE /* OnBoardingReactor.swift */ = {isa = PBXFileReference; fileEncoding = 4; lastKnownFileType = sourcecode.swift; path = OnBoardingReactor.swift; sourceTree = "<group>"; };
		BF4A2F6C225B7D0B0001B4CE /* Reusable.framework */ = {isa = PBXFileReference; lastKnownFileType = wrapper.framework; name = Reusable.framework; path = Carthage/Build/iOS/Reusable.framework; sourceTree = "<group>"; };
		BF4A2F6E225BB2B10001B4CE /* OnBoardingFlow.swift */ = {isa = PBXFileReference; lastKnownFileType = sourcecode.swift; path = OnBoardingFlow.swift; sourceTree = "<group>"; };
		BF4A2F70225BB2CD0001B4CE /* CoreFlow.swift */ = {isa = PBXFileReference; lastKnownFileType = sourcecode.swift; path = CoreFlow.swift; sourceTree = "<group>"; };
		BF4A2F73225BB4B90001B4CE /* AppSteps.swift */ = {isa = PBXFileReference; lastKnownFileType = sourcecode.swift; path = AppSteps.swift; sourceTree = "<group>"; };
		BF4A2F7D225BB9270001B4CE /* TasksListReactor.swift */ = {isa = PBXFileReference; lastKnownFileType = sourcecode.swift; path = TasksListReactor.swift; sourceTree = "<group>"; };
		BF4A2F7F225BB9360001B4CE /* SecondReactor.swift */ = {isa = PBXFileReference; lastKnownFileType = sourcecode.swift; path = SecondReactor.swift; sourceTree = "<group>"; };
		BF4A2F81225BBA3F0001B4CE /* TasksFlow.swift */ = {isa = PBXFileReference; lastKnownFileType = sourcecode.swift; path = TasksFlow.swift; sourceTree = "<group>"; };
		BF4A2F83225BBA4D0001B4CE /* SecondFlow.swift */ = {isa = PBXFileReference; lastKnownFileType = sourcecode.swift; path = SecondFlow.swift; sourceTree = "<group>"; };
		BF4A2F86225C8F160001B4CE /* UILocalizations.swift */ = {isa = PBXFileReference; lastKnownFileType = sourcecode.swift; path = UILocalizations.swift; sourceTree = "<group>"; };
		BF4A2F8D225CA6DB0001B4CE /* CHANGELOG.md */ = {isa = PBXFileReference; fileEncoding = 4; lastKnownFileType = net.daringfireball.markdown; path = CHANGELOG.md; sourceTree = SOURCE_ROOT; };
		BF4A2F9A225CA6DB0001B4CE /* Readme.md */ = {isa = PBXFileReference; fileEncoding = 4; lastKnownFileType = net.daringfireball.markdown; path = Readme.md; sourceTree = SOURCE_ROOT; };
		BF4A2F9C225CA6DB0001B4CE /* LICENSE.md */ = {isa = PBXFileReference; fileEncoding = 4; lastKnownFileType = net.daringfireball.markdown; path = LICENSE.md; sourceTree = SOURCE_ROOT; };
		BF4A2FAD2260F0040001B4CE /* Logger.swift */ = {isa = PBXFileReference; lastKnownFileType = sourcecode.swift; path = Logger.swift; sourceTree = "<group>"; };
		BF4A2FAF2260F1710001B4CE /* CocoaLumberjackSwift.framework */ = {isa = PBXFileReference; lastKnownFileType = wrapper.framework; name = CocoaLumberjackSwift.framework; path = Carthage/Build/iOS/CocoaLumberjackSwift.framework; sourceTree = "<group>"; };
		BF4A2FB12260F40E0001B4CE /* CocoaLumberjack.framework */ = {isa = PBXFileReference; lastKnownFileType = wrapper.framework; name = CocoaLumberjack.framework; path = Carthage/Build/iOS/CocoaLumberjack.framework; sourceTree = "<group>"; };
		BF4A2FBF226479D20001B4CE /* Configuration.swift */ = {isa = PBXFileReference; lastKnownFileType = sourcecode.swift; path = Configuration.swift; sourceTree = "<group>"; };
		BF4A2FC32264A2350001B4CE /* SwiftyJSON.framework */ = {isa = PBXFileReference; lastKnownFileType = wrapper.framework; name = SwiftyJSON.framework; path = Carthage/Build/iOS/SwiftyJSON.framework; sourceTree = "<group>"; };
		BF4A2FC92264A4B00001B4CE /* production.json */ = {isa = PBXFileReference; fileEncoding = 4; lastKnownFileType = text.json; path = production.json; sourceTree = "<group>"; };
		BF4A2FCA2264A4B00001B4CE /* development.json */ = {isa = PBXFileReference; fileEncoding = 4; lastKnownFileType = text.json; path = development.json; sourceTree = "<group>"; };
		BF4A2FD32265F4020001B4CE /* UserDefaults.swift */ = {isa = PBXFileReference; lastKnownFileType = sourcecode.swift; path = UserDefaults.swift; sourceTree = "<group>"; };
		BF4A2FD8226710F10001B4CE /* RxDataSources.framework */ = {isa = PBXFileReference; lastKnownFileType = wrapper.framework; name = RxDataSources.framework; path = Carthage/Build/iOS/RxDataSources.framework; sourceTree = "<group>"; };
		BF71BD9222A12A2E002CF9DE /* Validations.swift */ = {isa = PBXFileReference; lastKnownFileType = sourcecode.swift; path = Validations.swift; sourceTree = "<group>"; };
		BF78B5F22293CD680057157A /* ObservableType+Extras.swift */ = {isa = PBXFileReference; lastKnownFileType = sourcecode.swift; path = "ObservableType+Extras.swift"; sourceTree = "<group>"; };
		BF78B5F922942CBB0057157A /* CoreModel.swift */ = {isa = PBXFileReference; lastKnownFileType = sourcecode.swift; path = CoreModel.swift; sourceTree = "<group>"; };
		BF78B5FB22942CCD0057157A /* CoreResponses.swift */ = {isa = PBXFileReference; lastKnownFileType = sourcecode.swift; path = CoreResponses.swift; sourceTree = "<group>"; };
		BF78B60622954B3F0057157A /* me.json */ = {isa = PBXFileReference; fileEncoding = 4; lastKnownFileType = text.json; path = me.json; sourceTree = "<group>"; };
		BF78B6192295DBF70057157A /* RxAppState.framework */ = {isa = PBXFileReference; lastKnownFileType = wrapper.framework; name = RxAppState.framework; path = Carthage/Build/iOS/RxAppState.framework; sourceTree = "<group>"; };
		BF78B61B229683A90057157A /* token.json */ = {isa = PBXFileReference; fileEncoding = 4; lastKnownFileType = text.json; path = token.json; sourceTree = "<group>"; };
		BF78B61D2296CE7B0057157A /* TokenState.swift */ = {isa = PBXFileReference; lastKnownFileType = sourcecode.swift; path = TokenState.swift; sourceTree = "<group>"; };
		BF78B621229949410057157A /* AuthSignupController.swift */ = {isa = PBXFileReference; lastKnownFileType = sourcecode.swift; path = AuthSignupController.swift; sourceTree = "<group>"; };
		BF78B623229949740057157A /* AuthSignupReactor.swift */ = {isa = PBXFileReference; lastKnownFileType = sourcecode.swift; path = AuthSignupReactor.swift; sourceTree = "<group>"; };
		BF78B625229964050057157A /* signUp.json */ = {isa = PBXFileReference; fileEncoding = 4; lastKnownFileType = text.json; path = signUp.json; sourceTree = "<group>"; };
		BF78B627229964290057157A /* signIn.json */ = {isa = PBXFileReference; fileEncoding = 4; lastKnownFileType = text.json; path = signIn.json; sourceTree = "<group>"; };
		BF78B629229D3F090057157A /* Toaster.framework */ = {isa = PBXFileReference; lastKnownFileType = wrapper.framework; name = Toaster.framework; path = Carthage/Build/iOS/Toaster.framework; sourceTree = "<group>"; };
		BF794D3922671CD8000B19F3 /* TasksModel.swift */ = {isa = PBXFileReference; lastKnownFileType = sourcecode.swift; path = TasksModel.swift; sourceTree = "<group>"; };
		BF794D40226856E6000B19F3 /* Differentiator.framework */ = {isa = PBXFileReference; lastKnownFileType = wrapper.framework; name = Differentiator.framework; path = Carthage/Build/iOS/Differentiator.framework; sourceTree = "<group>"; };
		BF794D50226880FB000B19F3 /* TasksService.swift */ = {isa = PBXFileReference; lastKnownFileType = sourcecode.swift; path = TasksService.swift; sourceTree = "<group>"; };
		BF794D522269C4FB000B19F3 /* TasksViewController.swift */ = {isa = PBXFileReference; lastKnownFileType = sourcecode.swift; path = TasksViewController.swift; sourceTree = "<group>"; };
		BF8BD5F6235F30660083B912 /* KeyboardConstraints.swift */ = {isa = PBXFileReference; lastKnownFileType = sourcecode.swift; path = KeyboardConstraints.swift; sourceTree = "<group>"; };
		BF8C6722227C3E1E0012B5A8 /* TasksCellReactor.swift */ = {isa = PBXFileReference; lastKnownFileType = sourcecode.swift; path = TasksCellReactor.swift; sourceTree = "<group>"; };
		BF8C6724227C3E310012B5A8 /* TasksCellController.swift */ = {isa = PBXFileReference; lastKnownFileType = sourcecode.swift; path = TasksCellController.swift; sourceTree = "<group>"; };
		BF8C6726227C43E80012B5A8 /* Array+SectionModel.swift */ = {isa = PBXFileReference; lastKnownFileType = sourcecode.swift; path = "Array+SectionModel.swift"; sourceTree = "<group>"; };
		BF8C67292280176B0012B5A8 /* ReusableKit.swift */ = {isa = PBXFileReference; lastKnownFileType = sourcecode.swift; path = ReusableKit.swift; sourceTree = "<group>"; };
		BF8C672B2280177E0012B5A8 /* UICollectionView+ReusableKit.swift */ = {isa = PBXFileReference; lastKnownFileType = sourcecode.swift; path = "UICollectionView+ReusableKit.swift"; sourceTree = "<group>"; };
		BF8C672D228017940012B5A8 /* UITableView+ReusableKit.swift */ = {isa = PBXFileReference; lastKnownFileType = sourcecode.swift; path = "UITableView+ReusableKit.swift"; sourceTree = "<group>"; };
		BF8C6730228022140012B5A8 /* UICollectionView+RxReusableKit.swift */ = {isa = PBXFileReference; lastKnownFileType = sourcecode.swift; path = "UICollectionView+RxReusableKit.swift"; sourceTree = "<group>"; };
		BF8C67322280222A0012B5A8 /* UITableView+RxReusableKit.swift */ = {isa = PBXFileReference; lastKnownFileType = sourcecode.swift; path = "UITableView+RxReusableKit.swift"; sourceTree = "<group>"; };
		BF8CAC692369741A00B0B546 /* Eureka.framework */ = {isa = PBXFileReference; lastKnownFileType = wrapper.framework; name = Eureka.framework; path = Carthage/Build/iOS/Eureka.framework; sourceTree = "<group>"; };
		BF8F6ED0227063F100B9447A /* RxOptional.framework */ = {isa = PBXFileReference; lastKnownFileType = wrapper.framework; name = RxOptional.framework; path = Carthage/Build/iOS/RxOptional.framework; sourceTree = "<group>"; };
		BF8F6ED82273442100B9447A /* SnapKit.framework */ = {isa = PBXFileReference; lastKnownFileType = wrapper.framework; name = SnapKit.framework; path = Carthage/Build/iOS/SnapKit.framework; sourceTree = "<group>"; };
		BF8F6EDA2273453100B9447A /* Then.swift */ = {isa = PBXFileReference; lastKnownFileType = sourcecode.swift; path = Then.swift; sourceTree = "<group>"; };
		BF9A3640228C33A900EE2AB8 /* ReactorKitRuntime.framework */ = {isa = PBXFileReference; lastKnownFileType = wrapper.framework; name = ReactorKitRuntime.framework; path = Carthage/Build/iOS/ReactorKitRuntime.framework; sourceTree = "<group>"; };
		BF9A3641228C33A900EE2AB8 /* ReactorKit.framework */ = {isa = PBXFileReference; lastKnownFileType = wrapper.framework; name = ReactorKit.framework; path = Carthage/Build/iOS/ReactorKit.framework; sourceTree = "<group>"; };
		BF9A365A228C39E200EE2AB8 /* RxMoya.framework */ = {isa = PBXFileReference; lastKnownFileType = wrapper.framework; name = RxMoya.framework; path = Carthage/Build/iOS/RxMoya.framework; sourceTree = "<group>"; };
		BF9A365F228C3D2400EE2AB8 /* ReactiveMoya.framework */ = {isa = PBXFileReference; lastKnownFileType = wrapper.framework; name = ReactiveMoya.framework; path = Carthage/Build/iOS/ReactiveMoya.framework; sourceTree = "<group>"; };
		BF9A3662228C3F2500EE2AB8 /* TasksApi.swift */ = {isa = PBXFileReference; lastKnownFileType = sourcecode.swift; path = TasksApi.swift; sourceTree = "<group>"; };
		BF9A3665228D5CDA00EE2AB8 /* delete.json */ = {isa = PBXFileReference; fileEncoding = 4; lastKnownFileType = text.json; path = delete.json; sourceTree = "<group>"; };
		BF9A3666228D5CDA00EE2AB8 /* list.json */ = {isa = PBXFileReference; fileEncoding = 4; lastKnownFileType = text.json; path = list.json; sourceTree = "<group>"; };
		BF9A3667228D5CDA00EE2AB8 /* create.json */ = {isa = PBXFileReference; fileEncoding = 4; lastKnownFileType = text.json; path = create.json; sourceTree = "<group>"; };
		BF9A3668228D5CDA00EE2AB8 /* get.json */ = {isa = PBXFileReference; fileEncoding = 4; lastKnownFileType = text.json; path = get.json; sourceTree = "<group>"; };
		BF9A366D228D5E7B00EE2AB8 /* update.json */ = {isa = PBXFileReference; fileEncoding = 4; lastKnownFileType = text.json; path = update.json; sourceTree = "<group>"; };
		BF9A366F228D5F2700EE2AB8 /* Stubbed.swift */ = {isa = PBXFileReference; lastKnownFileType = sourcecode.swift; path = Stubbed.swift; sourceTree = "<group>"; };
		BF9A3673228DFDAE00EE2AB8 /* TasksResponses.swift */ = {isa = PBXFileReference; lastKnownFileType = sourcecode.swift; path = TasksResponses.swift; sourceTree = "<group>"; };
		BF9A3675228E9BD500EE2AB8 /* MyResult.swift */ = {isa = PBXFileReference; lastKnownFileType = sourcecode.swift; path = MyResult.swift; sourceTree = "<group>"; };
		BF9A3678228EB0A900EE2AB8 /* Networking.swift */ = {isa = PBXFileReference; fileEncoding = 4; lastKnownFileType = sourcecode.swift; path = Networking.swift; sourceTree = "<group>"; };
		BF9A367C228EE72700EE2AB8 /* Errors.swift */ = {isa = PBXFileReference; lastKnownFileType = sourcecode.swift; path = Errors.swift; sourceTree = "<group>"; };
		BF9A368222900F7200EE2AB8 /* AuthApi.swift */ = {isa = PBXFileReference; lastKnownFileType = sourcecode.swift; path = AuthApi.swift; sourceTree = "<group>"; };
		BF9A368522901D7000EE2AB8 /* UserModel.swift */ = {isa = PBXFileReference; lastKnownFileType = sourcecode.swift; path = UserModel.swift; sourceTree = "<group>"; };
		BF9A368722902DE200EE2AB8 /* AuthResponses.swift */ = {isa = PBXFileReference; lastKnownFileType = sourcecode.swift; path = AuthResponses.swift; sourceTree = "<group>"; };
		BF9A36892291BF8C00EE2AB8 /* KeychainAccess.framework */ = {isa = PBXFileReference; lastKnownFileType = wrapper.framework; name = KeychainAccess.framework; path = Carthage/Build/iOS/KeychainAccess.framework; sourceTree = "<group>"; };
		BF9A368B2292D0C700EE2AB8 /* CookiePlugin.swift */ = {isa = PBXFileReference; lastKnownFileType = sourcecode.swift; path = CookiePlugin.swift; sourceTree = "<group>"; };
		BFA92D14237AC684006A3B8D /* UserApi.swift */ = {isa = PBXFileReference; lastKnownFileType = sourcecode.swift; path = UserApi.swift; sourceTree = "<group>"; };
		BFA92D16237AC709006A3B8D /* UserService.swift */ = {isa = PBXFileReference; lastKnownFileType = sourcecode.swift; path = UserService.swift; sourceTree = "<group>"; };
		BFA92D19237AED1F006A3B8D /* UserViewController.swift */ = {isa = PBXFileReference; lastKnownFileType = sourcecode.swift; path = UserViewController.swift; sourceTree = "<group>"; };
		BFA92D1B237AED34006A3B8D /* UserViewReactor.swift */ = {isa = PBXFileReference; lastKnownFileType = sourcecode.swift; path = UserViewReactor.swift; sourceTree = "<group>"; };
		BFA92D1D237BEEAB006A3B8D /* UserCellReactor.swift */ = {isa = PBXFileReference; lastKnownFileType = sourcecode.swift; path = UserCellReactor.swift; sourceTree = "<group>"; };
		BFA92D1F237BEEC0006A3B8D /* UserCellController.swift */ = {isa = PBXFileReference; lastKnownFileType = sourcecode.swift; path = UserCellController.swift; sourceTree = "<group>"; };
		BFA92D2A237C050C006A3B8D /* CoreCellController.swift */ = {isa = PBXFileReference; fileEncoding = 4; lastKnownFileType = sourcecode.swift; path = CoreCellController.swift; sourceTree = "<group>"; };
		BFA92D2B237C050C006A3B8D /* CoreController.swift */ = {isa = PBXFileReference; fileEncoding = 4; lastKnownFileType = sourcecode.swift; path = CoreController.swift; sourceTree = "<group>"; };
		BFA92D2C237C050C006A3B8D /* CoreFormController.swift */ = {isa = PBXFileReference; fileEncoding = 4; lastKnownFileType = sourcecode.swift; path = CoreFormController.swift; sourceTree = "<group>"; };
		BFA92D3C237DA119006A3B8D /* CoreUITableView.swift */ = {isa = PBXFileReference; lastKnownFileType = sourcecode.swift; path = CoreUITableView.swift; sourceTree = "<group>"; };
		BFDE25FD227B052D008CBD30 /* NSViewController+Rx.swift */ = {isa = PBXFileReference; lastKnownFileType = sourcecode.swift; path = "NSViewController+Rx.swift"; sourceTree = "<group>"; };
		BFDE25FF227B053D008CBD30 /* UIViewController+Rx.swift */ = {isa = PBXFileReference; lastKnownFileType = sourcecode.swift; path = "UIViewController+Rx.swift"; sourceTree = "<group>"; };
		BFDE2601227B17D4008CBD30 /* AppServicesProvider.swift */ = {isa = PBXFileReference; lastKnownFileType = sourcecode.swift; path = AppServicesProvider.swift; sourceTree = "<group>"; };
		BFDE2603227B185E008CBD30 /* CoreService.swift */ = {isa = PBXFileReference; lastKnownFileType = sourcecode.swift; path = CoreService.swift; sourceTree = "<group>"; };
		BFE4BB46226CC7BD00739735 /* TasksViewReactor.swift */ = {isa = PBXFileReference; lastKnownFileType = sourcecode.swift; path = TasksViewReactor.swift; sourceTree = "<group>"; };
		BFE912A02341CDA40074FAAB /* Cartfile */ = {isa = PBXFileReference; fileEncoding = 4; lastKnownFileType = text; path = Cartfile; sourceTree = "<group>"; };
		BFE912A12341CDA40074FAAB /* Cartfile.resolved */ = {isa = PBXFileReference; fileEncoding = 4; lastKnownFileType = text; path = Cartfile.resolved; sourceTree = "<group>"; };
/* End PBXFileReference section */

/* Begin PBXFrameworksBuildPhase section */
		BF42547D221EBB9700395AE6 /* Frameworks */ = {
			isa = PBXFrameworksBuildPhase;
			buildActionMask = 2147483647;
			files = (
				BF78B62A229D3F090057157A /* Toaster.framework in Frameworks */,
				BF8CAC6A2369741A00B0B546 /* Eureka.framework in Frameworks */,
				BF9A3642228C33A900EE2AB8 /* ReactorKitRuntime.framework in Frameworks */,
				BF05418F2361EF98008628CF /* FontAwesome.framework in Frameworks */,
				BF9A3643228C33A900EE2AB8 /* ReactorKit.framework in Frameworks */,
				BF794D41226856E6000B19F3 /* Differentiator.framework in Frameworks */,
				BF4A2F37225B4F7F0001B4CE /* RxFlow.framework in Frameworks */,
				BF4A2F3A225B4F7F0001B4CE /* RxCocoa.framework in Frameworks */,
				BF4A2FB4226331B30001B4CE /* CocoaLumberjack.framework in Frameworks */,
				BF4A2FB3226330470001B4CE /* CocoaLumberjackSwift.framework in Frameworks */,
				BF4A2F6D225B7D0B0001B4CE /* Reusable.framework in Frameworks */,
				BF4A2FC42264A2350001B4CE /* SwiftyJSON.framework in Frameworks */,
				BF8F6ED1227063F100B9447A /* RxOptional.framework in Frameworks */,
				BF4A2FD9226710F10001B4CE /* RxDataSources.framework in Frameworks */,
				BF8F6ED92273442100B9447A /* SnapKit.framework in Frameworks */,
				BF2AE774228C2DDC003C5B85 /* Alamofire.framework in Frameworks */,
				BF9A365B228C39E200EE2AB8 /* RxMoya.framework in Frameworks */,
				BF9A368A2291BF8C00EE2AB8 /* KeychainAccess.framework in Frameworks */,
				BF78B61A2295DBF70057157A /* RxAppState.framework in Frameworks */,
				BF313C71229E64C200ADECF2 /* Validator.framework in Frameworks */,
				BF31714322AA6E7C005F2732 /* RxSwift.framework in Frameworks */,
				BF19509422B4EC2C00C593E5 /* RxRelay.framework in Frameworks */,
			);
			runOnlyForDeploymentPostprocessing = 0;
		};
		BF425493221EBB9800395AE6 /* Frameworks */ = {
			isa = PBXFrameworksBuildPhase;
			buildActionMask = 2147483647;
			files = (
			);
			runOnlyForDeploymentPostprocessing = 0;
		};
		BF42549E221EBB9800395AE6 /* Frameworks */ = {
			isa = PBXFrameworksBuildPhase;
			buildActionMask = 2147483647;
			files = (
			);
			runOnlyForDeploymentPostprocessing = 0;
		};
/* End PBXFrameworksBuildPhase section */

/* Begin PBXGroup section */
		BF058D6B2282BB4800E2A077 /* controllers */ = {
			isa = PBXGroup;
			children = (
				BFA92D2A237C050C006A3B8D /* CoreCellController.swift */,
				BFA92D2B237C050C006A3B8D /* CoreController.swift */,
				BFA92D2C237C050C006A3B8D /* CoreFormController.swift */,
			);
			path = controllers;
			sourceTree = "<group>";
		};
		BF058D6C2282BB5300E2A077 /* flows */ = {
			isa = PBXGroup;
			children = (
				BF4A2F70225BB2CD0001B4CE /* CoreFlow.swift */,
			);
			path = flows;
			sourceTree = "<group>";
		};
		BF058D6D2282BB6000E2A077 /* services */ = {
			isa = PBXGroup;
			children = (
				BFDE2603227B185E008CBD30 /* CoreService.swift */,
			);
			path = services;
			sourceTree = "<group>";
		};
		BF058D712282BC5300E2A077 /* auth */ = {
			isa = PBXGroup;
			children = (
				BF058D722282BC6B00E2A077 /* controllers */,
				BF058D732282BC7300E2A077 /* flow */,
				BF9A368422901D5400EE2AB8 /* models */,
				BF058D742282BC8100E2A077 /* reactors */,
				BF058D752282BC8E00E2A077 /* services */,
			);
			path = auth;
			sourceTree = "<group>";
		};
		BF058D722282BC6B00E2A077 /* controllers */ = {
			isa = PBXGroup;
			children = (
				BF058D762282BCAC00E2A077 /* AuthSigninController.swift */,
				BF78B621229949410057157A /* AuthSignupController.swift */,
			);
			path = controllers;
			sourceTree = "<group>";
		};
		BF058D732282BC7300E2A077 /* flow */ = {
			isa = PBXGroup;
			children = (
				BF058D782282BCB600E2A077 /* AuthFlow.swift */,
			);
			path = flow;
			sourceTree = "<group>";
		};
		BF058D742282BC8100E2A077 /* reactors */ = {
			isa = PBXGroup;
			children = (
				BF058D7A2282BCC500E2A077 /* AuthSigninReactor.swift */,
				BF78B623229949740057157A /* AuthSignupReactor.swift */,
			);
			path = reactors;
			sourceTree = "<group>";
		};
		BF058D752282BC8E00E2A077 /* services */ = {
			isa = PBXGroup;
			children = (
				BF9A368022900F3600EE2AB8 /* api */,
				BF058D7D2282BCDD00E2A077 /* AuthService.swift */,
			);
			path = services;
			sourceTree = "<group>";
		};
		BF0CD6A822563C7700844F9A /* config */ = {
			isa = PBXGroup;
			children = (
				BF4A2FC82264A4B00001B4CE /* default */,
				BF0CD6A922563C8200844F9A /* localizations */,
				BF4A2F41225B6AD70001B4CE /* BridgingHeader.h */,
			);
			path = config;
			sourceTree = "<group>";
		};
		BF0CD6A922563C8200844F9A /* localizations */ = {
			isa = PBXGroup;
			children = (
				BF0CD6AA22563C9800844F9A /* Strings.swift */,
				BF0CD6B822563CC200844F9A /* Localizable.strings */,
			);
			path = localizations;
			sourceTree = "<group>";
		};
		BF3B77582360A42A00ECD30A /* ui */ = {
			isa = PBXGroup;
			children = (
				BF3B775423608F4400ECD30A /* CoreUIButton.swift */,
				BF3B77562360985700ECD30A /* CoreUILabel.swift */,
				BF3B77592360C01F00ECD30A /* CoreUITextField.swift */,
				BFA92D3C237DA119006A3B8D /* CoreUITableView.swift */,
			);
			path = ui;
			sourceTree = "<group>";
		};
		BF425477221EBB9700395AE6 = {
			isa = PBXGroup;
			children = (
				BFE912A02341CDA40074FAAB /* Cartfile */,
				BFE912A12341CDA40074FAAB /* Cartfile.resolved */,
				BF425482221EBB9700395AE6 /* swift */,
				BF425499221EBB9800395AE6 /* swiftTests */,
				BF4254A4221EBB9800395AE6 /* swiftUITests */,
				BF425481221EBB9700395AE6 /* Products */,
				BF4A2F30225B4F7F0001B4CE /* Frameworks */,
			);
			sourceTree = "<group>";
		};
		BF425481221EBB9700395AE6 /* Products */ = {
			isa = PBXGroup;
			children = (
				BF425480221EBB9700395AE6 /* swift.app */,
				BF425496221EBB9800395AE6 /* swiftTests.xctest */,
				BF4254A1221EBB9800395AE6 /* swiftUITests.xctest */,
			);
			name = Products;
			sourceTree = "<group>";
		};
		BF425482221EBB9700395AE6 /* swift */ = {
			isa = PBXGroup;
			children = (
				BF42548C221EBB9800395AE6 /* Assets.xcassets */,
				BF05418D2361964F008628CF /* swift.entitlements */,
				BF0CD6A822563C7700844F9A /* config */,
				BF4A2F47225B77FB0001B4CE /* lib */,
				BF4A2F4E225B7C200001B4CE /* modules */,
				BF425491221EBB9800395AE6 /* Info.plist */,
				BF4A2F9A225CA6DB0001B4CE /* Readme.md */,
				BF4A2F8D225CA6DB0001B4CE /* CHANGELOG.md */,
				BF4A2F9C225CA6DB0001B4CE /* LICENSE.md */,
			);
			path = swift;
			sourceTree = "<group>";
		};
		BF425499221EBB9800395AE6 /* swiftTests */ = {
			isa = PBXGroup;
			children = (
				BF42549A221EBB9800395AE6 /* swiftTests.swift */,
				BF42549C221EBB9800395AE6 /* Info.plist */,
			);
			path = swiftTests;
			sourceTree = "<group>";
		};
		BF4254A4221EBB9800395AE6 /* swiftUITests */ = {
			isa = PBXGroup;
			children = (
				BF4254A5221EBB9800395AE6 /* swiftUITests.swift */,
				BF4254A7221EBB9800395AE6 /* Info.plist */,
			);
			path = swiftUITests;
			sourceTree = "<group>";
		};
		BF49EA0E2362E2D100FF06E9 /* user */ = {
			isa = PBXGroup;
			children = (
				BF49EA0F2362E4ED00FF06E9 /* controllers */,
				BF49EA102362E4F400FF06E9 /* flows */,
				BFA92D10237AC5F0006A3B8D /* models */,
				BF49EA112362E4FE00FF06E9 /* reactors */,
				BFA92D11237AC5F6006A3B8D /* services */,
			);
			path = user;
			sourceTree = "<group>";
		};
		BF49EA0F2362E4ED00FF06E9 /* controllers */ = {
			isa = PBXGroup;
			children = (
				BF49EA122362E51B00FF06E9 /* UserController.swift */,
				BFA92D1F237BEEC0006A3B8D /* UserCellController.swift */,
				BFA92D19237AED1F006A3B8D /* UserViewController.swift */,
			);
			path = controllers;
			sourceTree = "<group>";
		};
		BF49EA102362E4F400FF06E9 /* flows */ = {
			isa = PBXGroup;
			children = (
				BF49EA142362E53D00FF06E9 /* UserFlow.swift */,
			);
			path = flows;
			sourceTree = "<group>";
		};
		BF49EA112362E4FE00FF06E9 /* reactors */ = {
			isa = PBXGroup;
			children = (
				BF49EA162362E54800FF06E9 /* UserReactor.swift */,
				BFA92D1D237BEEAB006A3B8D /* UserCellReactor.swift */,
				BFA92D1B237AED34006A3B8D /* UserViewReactor.swift */,
			);
			path = reactors;
			sourceTree = "<group>";
		};
		BF4A2F30225B4F7F0001B4CE /* Frameworks */ = {
			isa = PBXGroup;
			children = (
				BF05418E2361EF98008628CF /* FontAwesome.framework */,
				BF19509322B4EC2C00C593E5 /* RxRelay.framework */,
				BF313C70229E64C200ADECF2 /* Validator.framework */,
				BF78B629229D3F090057157A /* Toaster.framework */,
				BF78B6192295DBF70057157A /* RxAppState.framework */,
				BF9A36892291BF8C00EE2AB8 /* KeychainAccess.framework */,
				BF9A365F228C3D2400EE2AB8 /* ReactiveMoya.framework */,
				BF9A365A228C39E200EE2AB8 /* RxMoya.framework */,
				BF9A3641228C33A900EE2AB8 /* ReactorKit.framework */,
				BF9A3640228C33A900EE2AB8 /* ReactorKitRuntime.framework */,
				BF2AE773228C2DDB003C5B85 /* Alamofire.framework */,
				BF2AE771228C1969003C5B85 /* Moya.framework */,
				BF8F6ED82273442100B9447A /* SnapKit.framework */,
				BF8F6ED0227063F100B9447A /* RxOptional.framework */,
				BF794D40226856E6000B19F3 /* Differentiator.framework */,
				BF4A2FD8226710F10001B4CE /* RxDataSources.framework */,
				BF4A2FC32264A2350001B4CE /* SwiftyJSON.framework */,
				BF4A2FB12260F40E0001B4CE /* CocoaLumberjack.framework */,
				BF4A2FAF2260F1710001B4CE /* CocoaLumberjackSwift.framework */,
				BF4A2F6C225B7D0B0001B4CE /* Reusable.framework */,
				BF4A2F32225B4F7F0001B4CE /* RxBlocking.framework */,
				BF4A2F34225B4F7F0001B4CE /* RxCocoa.framework */,
				BF4A2F31225B4F7F0001B4CE /* RxFlow.framework */,
				BF4A2F35225B4F7F0001B4CE /* RxSwift.framework */,
				BF8CAC692369741A00B0B546 /* Eureka.framework */,
				BF4A2F36225B4F7F0001B4CE /* RxTest.framework */,
			);
			name = Frameworks;
			sourceTree = "<group>";
		};
		BF4A2F47225B77FB0001B4CE /* lib */ = {
			isa = PBXGroup;
			children = (
				BF4A2F85225C8F050001B4CE /* helpers */,
				BF4A2F48225B78010001B4CE /* services */,
			);
			path = lib;
			sourceTree = "<group>";
		};
		BF4A2F48225B78010001B4CE /* services */ = {
			isa = PBXGroup;
			children = (
				BF4A2FBF226479D20001B4CE /* Configuration.swift */,
				BF4A2FAD2260F0040001B4CE /* Logger.swift */,
				BF4A2F4C225B79A80001B4CE /* Preferences.swift */,
				BF9A3678228EB0A900EE2AB8 /* Networking.swift */,
			);
			path = services;
			sourceTree = "<group>";
		};
		BF4A2F4E225B7C200001B4CE /* modules */ = {
			isa = PBXGroup;
			children = (
				BF4A2F88225C9AFF0001B4CE /* app */,
				BF4A2F4F225B7C200001B4CE /* core */,
				BF4A2F5C225B7C200001B4CE /* onBoarding */,
				BF058D712282BC5300E2A077 /* auth */,
				BF4A2F77225BB65E0001B4CE /* tasks */,
				BF4A2F78225BB6690001B4CE /* secondController */,
				BF49EA0E2362E2D100FF06E9 /* user */,
			);
			path = modules;
			sourceTree = "<group>";
		};
		BF4A2F4F225B7C200001B4CE /* core */ = {
			isa = PBXGroup;
			children = (
				BF3B77582360A42A00ECD30A /* ui */,
				BF058D6B2282BB4800E2A077 /* controllers */,
				BF058D6C2282BB5300E2A077 /* flows */,
				BF78B5F622942C890057157A /* models */,
				BF058D6D2282BB6000E2A077 /* services */,
			);
			path = core;
			sourceTree = "<group>";
		};
		BF4A2F5C225B7C200001B4CE /* onBoarding */ = {
			isa = PBXGroup;
			children = (
				BF794D5D2269D08A000B19F3 /* controllers */,
				BF794D5E2269D095000B19F3 /* flows */,
				BF794D602269D0A3000B19F3 /* reactors */,
			);
			path = onBoarding;
			sourceTree = "<group>";
		};
		BF4A2F77225BB65E0001B4CE /* tasks */ = {
			isa = PBXGroup;
			children = (
				BF794D432268722B000B19F3 /* controllers */,
				BF794D4522687245000B19F3 /* flows */,
				BF794D462268724D000B19F3 /* models */,
				BF794D4422687238000B19F3 /* reactors */,
				BF794D4F226880ED000B19F3 /* services */,
			);
			path = tasks;
			sourceTree = "<group>";
		};
		BF4A2F78225BB6690001B4CE /* secondController */ = {
			isa = PBXGroup;
			children = (
				BF794D582269D028000B19F3 /* controllers */,
				BF794D592269D030000B19F3 /* flows */,
				BF794D5B2269D042000B19F3 /* reactors */,
			);
			path = secondController;
			sourceTree = "<group>";
		};
		BF4A2F85225C8F050001B4CE /* helpers */ = {
			isa = PBXGroup;
			children = (
				BF78B60222952EEE0057157A /* Extensions */,
				BF78B60322952F5E0057157A /* Libs */,
				BFDE25FC227B0522008CBD30 /* Rx */,
				BF78B5FD229529DA0057157A /* UI */,
				BF9A366F228D5F2700EE2AB8 /* Stubbed.swift */,
				BF9A3675228E9BD500EE2AB8 /* MyResult.swift */,
				BF9A367C228EE72700EE2AB8 /* Errors.swift */,
				BF9A368B2292D0C700EE2AB8 /* CookiePlugin.swift */,
				BF78B61D2296CE7B0057157A /* TokenState.swift */,
				BF71BD9222A12A2E002CF9DE /* Validations.swift */,
				BF19509522B7CEEB00C593E5 /* Url.swift */,
			);
			path = helpers;
			sourceTree = "<group>";
		};
		BF4A2F88225C9AFF0001B4CE /* app */ = {
			isa = PBXGroup;
			children = (
				BF42548E221EBB9800395AE6 /* LaunchScreen.storyboard */,
				BFDE2601227B17D4008CBD30 /* AppServicesProvider.swift */,
				BF4A2F44225B751F0001B4CE /* AppFlow.swift */,
				BF425483221EBB9700395AE6 /* AppDelegate.swift */,
				BF4A2F73225BB4B90001B4CE /* AppSteps.swift */,
			);
			path = app;
			sourceTree = "<group>";
		};
		BF4A2FC82264A4B00001B4CE /* default */ = {
			isa = PBXGroup;
			children = (
				BF4A2FCA2264A4B00001B4CE /* development.json */,
				BF4A2FC92264A4B00001B4CE /* production.json */,
			);
			path = default;
			sourceTree = "<group>";
		};
		BF78B5F622942C890057157A /* models */ = {
			isa = PBXGroup;
			children = (
				BF78B5F922942CBB0057157A /* CoreModel.swift */,
				BF78B5FB22942CCD0057157A /* CoreResponses.swift */,
			);
			path = models;
			sourceTree = "<group>";
		};
		BF78B5FD229529DA0057157A /* UI */ = {
			isa = PBXGroup;
			children = (
				BF4A2F86225C8F160001B4CE /* UILocalizations.swift */,
			);
			path = UI;
			sourceTree = "<group>";
		};
		BF78B60222952EEE0057157A /* Extensions */ = {
			isa = PBXGroup;
			children = (
				BF8C6726227C43E80012B5A8 /* Array+SectionModel.swift */,
				BF4A2FD32265F4020001B4CE /* UserDefaults.swift */,
				BF8BD5F6235F30660083B912 /* KeyboardConstraints.swift */,
				BF3B775B2360C35D00ECD30A /* UIColor.swift */,
				BF49EA0C2362CC2D00FF06E9 /* L10n.swift */,
				BF00138A237427660044C01A /* Eureka.swift */,
			);
			path = Extensions;
			sourceTree = "<group>";
		};
		BF78B60322952F5E0057157A /* Libs */ = {
			isa = PBXGroup;
			children = (
				BF9A3677228EA7B700EE2AB8 /* Then */,
				BF8C6728228016070012B5A8 /* ReusableKit */,
			);
			path = Libs;
			sourceTree = "<group>";
		};
		BF794D432268722B000B19F3 /* controllers */ = {
			isa = PBXGroup;
			children = (
				BF425485221EBB9700395AE6 /* TasksListController.swift */,
				BF8C6724227C3E310012B5A8 /* TasksCellController.swift */,
				BF794D522269C4FB000B19F3 /* TasksViewController.swift */,
			);
			path = controllers;
			sourceTree = "<group>";
		};
		BF794D4422687238000B19F3 /* reactors */ = {
			isa = PBXGroup;
			children = (
				BF4A2F7D225BB9270001B4CE /* TasksListReactor.swift */,
				BF8C6722227C3E1E0012B5A8 /* TasksCellReactor.swift */,
				BFE4BB46226CC7BD00739735 /* TasksViewReactor.swift */,
			);
			path = reactors;
			sourceTree = "<group>";
		};
		BF794D4522687245000B19F3 /* flows */ = {
			isa = PBXGroup;
			children = (
				BF4A2F81225BBA3F0001B4CE /* TasksFlow.swift */,
			);
			path = flows;
			sourceTree = "<group>";
		};
		BF794D462268724D000B19F3 /* models */ = {
			isa = PBXGroup;
			children = (
				BF794D3922671CD8000B19F3 /* TasksModel.swift */,
				BF9A3673228DFDAE00EE2AB8 /* TasksResponses.swift */,
			);
			path = models;
			sourceTree = "<group>";
		};
		BF794D4F226880ED000B19F3 /* services */ = {
			isa = PBXGroup;
			children = (
				BF9A3661228C3F1900EE2AB8 /* api */,
				BF794D50226880FB000B19F3 /* TasksService.swift */,
			);
			path = services;
			sourceTree = "<group>";
		};
		BF794D582269D028000B19F3 /* controllers */ = {
			isa = PBXGroup;
			children = (
				BF425487221EBB9700395AE6 /* SecondController.swift */,
			);
			path = controllers;
			sourceTree = "<group>";
		};
		BF794D592269D030000B19F3 /* flows */ = {
			isa = PBXGroup;
			children = (
				BF4A2F83225BBA4D0001B4CE /* SecondFlow.swift */,
			);
			path = flows;
			sourceTree = "<group>";
		};
		BF794D5B2269D042000B19F3 /* reactors */ = {
			isa = PBXGroup;
			children = (
				BF4A2F7F225BB9360001B4CE /* SecondReactor.swift */,
			);
			path = reactors;
			sourceTree = "<group>";
		};
		BF794D5D2269D08A000B19F3 /* controllers */ = {
			isa = PBXGroup;
			children = (
				BF4A2F5E225B7C200001B4CE /* OnBoardingController.swift */,
			);
			path = controllers;
			sourceTree = "<group>";
		};
		BF794D5E2269D095000B19F3 /* flows */ = {
			isa = PBXGroup;
			children = (
				BF4A2F6E225BB2B10001B4CE /* OnBoardingFlow.swift */,
			);
			path = flows;
			sourceTree = "<group>";
		};
		BF794D602269D0A3000B19F3 /* reactors */ = {
			isa = PBXGroup;
			children = (
				BF4A2F5F225B7C200001B4CE /* OnBoardingReactor.swift */,
			);
			path = reactors;
			sourceTree = "<group>";
		};
		BF8C6728228016070012B5A8 /* ReusableKit */ = {
			isa = PBXGroup;
			children = (
				BF8C67292280176B0012B5A8 /* ReusableKit.swift */,
				BF8C672B2280177E0012B5A8 /* UICollectionView+ReusableKit.swift */,
				BF8C672D228017940012B5A8 /* UITableView+ReusableKit.swift */,
				BF8C6730228022140012B5A8 /* UICollectionView+RxReusableKit.swift */,
				BF8C67322280222A0012B5A8 /* UITableView+RxReusableKit.swift */,
			);
			path = ReusableKit;
			sourceTree = "<group>";
		};
		BF9A3661228C3F1900EE2AB8 /* api */ = {
			isa = PBXGroup;
			children = (
				BF9A3664228D583F00EE2AB8 /* stubbed */,
				BF9A3662228C3F2500EE2AB8 /* TasksApi.swift */,
			);
			path = api;
			sourceTree = "<group>";
		};
		BF9A3664228D583F00EE2AB8 /* stubbed */ = {
			isa = PBXGroup;
			children = (
				BF9A3667228D5CDA00EE2AB8 /* create.json */,
				BF9A3665228D5CDA00EE2AB8 /* delete.json */,
				BF9A3668228D5CDA00EE2AB8 /* get.json */,
				BF9A3666228D5CDA00EE2AB8 /* list.json */,
				BF9A366D228D5E7B00EE2AB8 /* update.json */,
			);
			path = stubbed;
			sourceTree = "<group>";
		};
		BF9A3677228EA7B700EE2AB8 /* Then */ = {
			isa = PBXGroup;
			children = (
				BF8F6EDA2273453100B9447A /* Then.swift */,
			);
			path = Then;
			sourceTree = "<group>";
		};
		BF9A368022900F3600EE2AB8 /* api */ = {
			isa = PBXGroup;
			children = (
				BF9A368122900F5500EE2AB8 /* stubbed */,
				BF9A368222900F7200EE2AB8 /* AuthApi.swift */,
			);
			path = api;
			sourceTree = "<group>";
		};
		BF9A368122900F5500EE2AB8 /* stubbed */ = {
			isa = PBXGroup;
			children = (
				BF78B625229964050057157A /* signUp.json */,
				BF78B627229964290057157A /* signIn.json */,
				BF78B61B229683A90057157A /* token.json */,
			);
			path = stubbed;
			sourceTree = "<group>";
		};
		BF9A368422901D5400EE2AB8 /* models */ = {
			isa = PBXGroup;
			children = (
				BF9A368722902DE200EE2AB8 /* AuthResponses.swift */,
			);
			path = models;
			sourceTree = "<group>";
		};
		BFA92D10237AC5F0006A3B8D /* models */ = {
			isa = PBXGroup;
			children = (
				BF9A368522901D7000EE2AB8 /* UserModel.swift */,
			);
			path = models;
			sourceTree = "<group>";
		};
		BFA92D11237AC5F6006A3B8D /* services */ = {
			isa = PBXGroup;
			children = (
				BFA92D12237AC665006A3B8D /* api */,
				BFA92D16237AC709006A3B8D /* UserService.swift */,
			);
			path = services;
			sourceTree = "<group>";
		};
		BFA92D12237AC665006A3B8D /* api */ = {
			isa = PBXGroup;
			children = (
				BFA92D13237AC66B006A3B8D /* stubbed */,
				BFA92D14237AC684006A3B8D /* UserApi.swift */,
			);
			path = api;
			sourceTree = "<group>";
		};
		BFA92D13237AC66B006A3B8D /* stubbed */ = {
			isa = PBXGroup;
			children = (
				BF78B60622954B3F0057157A /* me.json */,
			);
			path = stubbed;
			sourceTree = "<group>";
		};
		BFDE25FC227B0522008CBD30 /* Rx */ = {
			isa = PBXGroup;
			children = (
				BF0BB9FA236B495F00454BDD /* Eureka+Valid+Rx.swift */,
				BFDE25FD227B052D008CBD30 /* NSViewController+Rx.swift */,
				BFDE25FF227B053D008CBD30 /* UIViewController+Rx.swift */,
				BF78B5F22293CD680057157A /* ObservableType+Extras.swift */,
			);
			path = Rx;
			sourceTree = "<group>";
		};
/* End PBXGroup section */

/* Begin PBXNativeTarget section */
		BF42547F221EBB9700395AE6 /* swift */ = {
			isa = PBXNativeTarget;
			buildConfigurationList = BF4254AA221EBB9800395AE6 /* Build configuration list for PBXNativeTarget "swift" */;
			buildPhases = (
				BF42547C221EBB9700395AE6 /* Sources */,
				BF42547D221EBB9700395AE6 /* Frameworks */,
				BF42547E221EBB9700395AE6 /* Resources */,
				BF8E75CD221EBCA30057F710 /* SwiftLint */,
				BF85C200225639BC00C8DDB8 /* SwiftGen */,
				BF4A2F19225B4A310001B4CE /* Carthage */,
				BF0541912361EF98008628CF /* Embed Frameworks */,
			);
			buildRules = (
			);
			dependencies = (
			);
			name = swift;
			productName = swift;
			productReference = BF425480221EBB9700395AE6 /* swift.app */;
			productType = "com.apple.product-type.application";
		};
		BF425495221EBB9800395AE6 /* swiftTests */ = {
			isa = PBXNativeTarget;
			buildConfigurationList = BF4254AD221EBB9800395AE6 /* Build configuration list for PBXNativeTarget "swiftTests" */;
			buildPhases = (
				BF425492221EBB9800395AE6 /* Sources */,
				BF425493221EBB9800395AE6 /* Frameworks */,
				BF425494221EBB9800395AE6 /* Resources */,
			);
			buildRules = (
			);
			dependencies = (
				BF425498221EBB9800395AE6 /* PBXTargetDependency */,
			);
			name = swiftTests;
			productName = swiftTests;
			productReference = BF425496221EBB9800395AE6 /* swiftTests.xctest */;
			productType = "com.apple.product-type.bundle.unit-test";
		};
		BF4254A0221EBB9800395AE6 /* swiftUITests */ = {
			isa = PBXNativeTarget;
			buildConfigurationList = BF4254B0221EBB9800395AE6 /* Build configuration list for PBXNativeTarget "swiftUITests" */;
			buildPhases = (
				BF42549D221EBB9800395AE6 /* Sources */,
				BF42549E221EBB9800395AE6 /* Frameworks */,
				BF42549F221EBB9800395AE6 /* Resources */,
			);
			buildRules = (
			);
			dependencies = (
				BF4254A3221EBB9800395AE6 /* PBXTargetDependency */,
			);
			name = swiftUITests;
			productName = swiftUITests;
			productReference = BF4254A1221EBB9800395AE6 /* swiftUITests.xctest */;
			productType = "com.apple.product-type.bundle.ui-testing";
		};
/* End PBXNativeTarget section */

/* Begin PBXProject section */
		BF425478221EBB9700395AE6 /* Project object */ = {
			isa = PBXProject;
			attributes = {
				LastSwiftUpdateCheck = 1010;
				LastUpgradeCheck = 1010;
				ORGANIZATIONNAME = WeAreOpenSource;
				TargetAttributes = {
					BF42547F221EBB9700395AE6 = {
						CreatedOnToolsVersion = 10.1;
					};
					BF425495221EBB9800395AE6 = {
						CreatedOnToolsVersion = 10.1;
						LastSwiftMigration = 1120;
						TestTargetID = BF42547F221EBB9700395AE6;
					};
					BF4254A0221EBB9800395AE6 = {
						CreatedOnToolsVersion = 10.1;
						LastSwiftMigration = 1120;
						TestTargetID = BF42547F221EBB9700395AE6;
					};
				};
			};
			buildConfigurationList = BF42547B221EBB9700395AE6 /* Build configuration list for PBXProject "swift" */;
			compatibilityVersion = "Xcode 9.3";
			developmentRegion = en;
			hasScannedForEncodings = 0;
			knownRegions = (
				en,
				Base,
				fr,
			);
			mainGroup = BF425477221EBB9700395AE6;
			productRefGroup = BF425481221EBB9700395AE6 /* Products */;
			projectDirPath = "";
			projectRoot = "";
			targets = (
				BF42547F221EBB9700395AE6 /* swift */,
				BF425495221EBB9800395AE6 /* swiftTests */,
				BF4254A0221EBB9800395AE6 /* swiftUITests */,
			);
		};
/* End PBXProject section */

/* Begin PBXResourcesBuildPhase section */
		BF42547E221EBB9700395AE6 /* Resources */ = {
			isa = PBXResourcesBuildPhase;
			buildActionMask = 2147483647;
			files = (
				BFE912A32341CDA40074FAAB /* Cartfile.resolved in Resources */,
				BFE912A22341CDA40074FAAB /* Cartfile in Resources */,
				BF9A366C228D5CDA00EE2AB8 /* get.json in Resources */,
				BF4A2FCD2264A6810001B4CE /* production.json in Resources */,
				BF4A2FCE2264A6810001B4CE /* development.json in Resources */,
				BF9A366A228D5CDA00EE2AB8 /* list.json in Resources */,
				BF4A2FAB225CA6DB0001B4CE /* LICENSE.md in Resources */,
				BF78B60822954B3F0057157A /* me.json in Resources */,
				BF78B628229964290057157A /* signIn.json in Resources */,
				BF9A3669228D5CDA00EE2AB8 /* delete.json in Resources */,
				BF4A2FA9225CA6DB0001B4CE /* Readme.md in Resources */,
				BF78B626229964050057157A /* signUp.json in Resources */,
				BF9A366E228D5E7B00EE2AB8 /* update.json in Resources */,
				BF9A366B228D5CDA00EE2AB8 /* create.json in Resources */,
				BF78B61C229683A90057157A /* token.json in Resources */,
				BF425490221EBB9800395AE6 /* LaunchScreen.storyboard in Resources */,
				BF0CD6B622563CC200844F9A /* Localizable.strings in Resources */,
				BF4A2F9E225CA6DB0001B4CE /* CHANGELOG.md in Resources */,
				BF42548D221EBB9800395AE6 /* Assets.xcassets in Resources */,
			);
			runOnlyForDeploymentPostprocessing = 0;
		};
		BF425494221EBB9800395AE6 /* Resources */ = {
			isa = PBXResourcesBuildPhase;
			buildActionMask = 2147483647;
			files = (
			);
			runOnlyForDeploymentPostprocessing = 0;
		};
		BF42549F221EBB9800395AE6 /* Resources */ = {
			isa = PBXResourcesBuildPhase;
			buildActionMask = 2147483647;
			files = (
			);
			runOnlyForDeploymentPostprocessing = 0;
		};
/* End PBXResourcesBuildPhase section */

/* Begin PBXShellScriptBuildPhase section */
		BF4A2F19225B4A310001B4CE /* Carthage */ = {
			isa = PBXShellScriptBuildPhase;
			buildActionMask = 2147483647;
			files = (
			);
			inputFileListPaths = (
			);
			inputPaths = (
				"$(SRCROOT)/Carthage/Build/iOS/RxCocoa.framework",
				"$(SRCROOT)/Carthage/Build/iOS/RxFlow.framework",
				"$(SRCROOT)/Carthage/Build/iOS/RxSwift.framework",
				"$(SRCROOT)/Carthage/Build/iOS/ReactorKit.framework",
				"$(SRCROOT)/Carthage/Build/iOS/ReactorKitRuntime.framework",
				"$(SRCROOT)/Carthage/Build/iOS/Reusable.framework",
				"$(SRCROOT)/Carthage/Build/iOS/CocoaLumberjack.framework",
				"$(SRCROOT)/Carthage/Build/iOS/CocoaLumberjackSwift.framework",
				"$(SRCROOT)/Carthage/Build/iOS/SwiftyJSON.framework",
				"$(SRCROOT)/Carthage/Build/iOS/RxDataSources.framework",
				"$(SRCROOT)/Carthage/Build/iOS/Differentiator.framework",
				"$(SRCROOT)/Carthage/Build/iOS/RxOptional.framework",
				"$(SRCROOT)/Carthage/Build/iOS/SnapKit.framework",
				"$(SRCROOT)/Carthage/Build/iOS/Alamofire.framework",
				"$(SRCROOT)/Carthage/Build/iOS/RxMoya.framework",
				"$(SRCROOT)/Carthage/Build/iOS/Moya.framework",
				"$(SRCROOT)/Carthage/Build/iOS/KeychainAccess.framework",
				"$(SRCROOT)/Carthage/Build/iOS/RxAppState.framework",
				"$(SRCROOT)/Carthage/Build/iOS/Toaster.framework",
				"$(SRCROOT)/Carthage/Build/iOS/Validator.framework",
				"$(SRCROOT)/Carthage/Build/iOS/RxRelay.framework",
				"$(SRCROOT)/Carthage/Build/iOS/FontAwesome.framework",
				"$(SRCROOT)/Carthage/Build/iOS/Eureka.framework",
			);
			name = Carthage;
			outputFileListPaths = (
			);
			outputPaths = (
			);
			runOnlyForDeploymentPostprocessing = 0;
			shellPath = /bin/sh;
			shellScript = "/usr/local/bin/carthage copy-frameworks\n";
		};
		BF85C200225639BC00C8DDB8 /* SwiftGen */ = {
			isa = PBXShellScriptBuildPhase;
			buildActionMask = 2147483647;
			files = (
			);
			inputFileListPaths = (
			);
			inputPaths = (
			);
			name = SwiftGen;
			outputFileListPaths = (
			);
			outputPaths = (
			);
			runOnlyForDeploymentPostprocessing = 0;
			shellPath = /bin/sh;
			shellScript = "if which swiftgen >/dev/null; then\nswiftgen\nelse\necho \"warning: swiftgen not installed, download from https://github.com/realm/SwiftLint\"\nfi\n";
		};
		BF8E75CD221EBCA30057F710 /* SwiftLint */ = {
			isa = PBXShellScriptBuildPhase;
			buildActionMask = 2147483647;
			files = (
			);
			inputFileListPaths = (
			);
			inputPaths = (
			);
			name = SwiftLint;
			outputFileListPaths = (
			);
			outputPaths = (
			);
			runOnlyForDeploymentPostprocessing = 0;
			shellPath = /bin/sh;
			shellScript = "if which swiftlint >/dev/null; then\nswiftlint autocorrect\nelse\necho \"warning: SwiftLint not installed, download from https://github.com/realm/SwiftLint\"\nfi\n";
		};
/* End PBXShellScriptBuildPhase section */

/* Begin PBXSourcesBuildPhase section */
		BF42547C221EBB9700395AE6 /* Sources */ = {
			isa = PBXSourcesBuildPhase;
			buildActionMask = 2147483647;
			files = (
				BFDE25FE227B052D008CBD30 /* NSViewController+Rx.swift in Sources */,
				BF4A2F7E225BB9270001B4CE /* TasksListReactor.swift in Sources */,
				BF058D7B2282BCC500E2A077 /* AuthSigninReactor.swift in Sources */,
				BF9A3679228EB0A900EE2AB8 /* Networking.swift in Sources */,
				BF4A2F6B225B7C200001B4CE /* OnBoardingReactor.swift in Sources */,
				BF4A2F4D225B79A80001B4CE /* Preferences.swift in Sources */,
				BF4A2FC0226479D20001B4CE /* Configuration.swift in Sources */,
				BF9A3676228E9BD500EE2AB8 /* MyResult.swift in Sources */,
				BF9A368622901D7000EE2AB8 /* UserModel.swift in Sources */,
				BF3B775C2360C35D00ECD30A /* UIColor.swift in Sources */,
				BF49EA152362E53D00FF06E9 /* UserFlow.swift in Sources */,
				BF058D792282BCB600E2A077 /* AuthFlow.swift in Sources */,
				BFDE2604227B185E008CBD30 /* CoreService.swift in Sources */,
				BFA92D17237AC709006A3B8D /* UserService.swift in Sources */,
				BF425488221EBB9700395AE6 /* SecondController.swift in Sources */,
				BF4A2F6A225B7C200001B4CE /* OnBoardingController.swift in Sources */,
				BFE4BB47226CC7BD00739735 /* TasksViewReactor.swift in Sources */,
				BF9A367D228EE72700EE2AB8 /* Errors.swift in Sources */,
				BF78B624229949740057157A /* AuthSignupReactor.swift in Sources */,
				BF8C67332280222A0012B5A8 /* UITableView+RxReusableKit.swift in Sources */,
				BFA92D2D237C050C006A3B8D /* CoreCellController.swift in Sources */,
				BF425484221EBB9700395AE6 /* AppDelegate.swift in Sources */,
				BFA92D1E237BEEAB006A3B8D /* UserCellReactor.swift in Sources */,
				BF49EA0D2362CC2D00FF06E9 /* L10n.swift in Sources */,
				BF19509622B7CEEB00C593E5 /* Url.swift in Sources */,
				BF49EA132362E51B00FF06E9 /* UserController.swift in Sources */,
				BFDE2600227B053D008CBD30 /* UIViewController+Rx.swift in Sources */,
				BF794D3A22671CD8000B19F3 /* TasksModel.swift in Sources */,
				BFA92D20237BEEC0006A3B8D /* UserCellController.swift in Sources */,
				BFA92D3D237DA119006A3B8D /* CoreUITableView.swift in Sources */,
				BF78B5FA22942CBB0057157A /* CoreModel.swift in Sources */,
				BF78B5FC22942CCD0057157A /* CoreResponses.swift in Sources */,
				BF8C672E228017940012B5A8 /* UITableView+ReusableKit.swift in Sources */,
				BF8C6725227C3E310012B5A8 /* TasksCellController.swift in Sources */,
				BF4A2F80225BB9360001B4CE /* SecondReactor.swift in Sources */,
				BFDE2602227B17D4008CBD30 /* AppServicesProvider.swift in Sources */,
				BF8C6731228022140012B5A8 /* UICollectionView+RxReusableKit.swift in Sources */,
				BF0CD6AB22563C9800844F9A /* Strings.swift in Sources */,
				BF8C6723227C3E1E0012B5A8 /* TasksCellReactor.swift in Sources */,
				BF3B775A2360C01F00ECD30A /* CoreUITextField.swift in Sources */,
				BFA92D2E237C050C006A3B8D /* CoreController.swift in Sources */,
				BF4A2F87225C8F160001B4CE /* UILocalizations.swift in Sources */,
				BF058D7E2282BCDD00E2A077 /* AuthService.swift in Sources */,
				BF9A3674228DFDAE00EE2AB8 /* TasksResponses.swift in Sources */,
				BF8C6727227C43E80012B5A8 /* Array+SectionModel.swift in Sources */,
				BF71BD9322A12A2E002CF9DE /* Validations.swift in Sources */,
				BF4A2F71225BB2CD0001B4CE /* CoreFlow.swift in Sources */,
				BF3B77572360985700ECD30A /* CoreUILabel.swift in Sources */,
				BF794D532269C4FB000B19F3 /* TasksViewController.swift in Sources */,
				BFA92D1A237AED1F006A3B8D /* UserViewController.swift in Sources */,
				BF8C672A2280176B0012B5A8 /* ReusableKit.swift in Sources */,
				BF794D51226880FB000B19F3 /* TasksService.swift in Sources */,
				BF78B5F32293CD680057157A /* ObservableType+Extras.swift in Sources */,
				BF8BD5F7235F30660083B912 /* KeyboardConstraints.swift in Sources */,
				BF78B622229949410057157A /* AuthSignupController.swift in Sources */,
				BF9A368322900F7200EE2AB8 /* AuthApi.swift in Sources */,
				BFA92D15237AC684006A3B8D /* UserApi.swift in Sources */,
				BF058D772282BCAC00E2A077 /* AuthSigninController.swift in Sources */,
				BF49EA172362E54800FF06E9 /* UserReactor.swift in Sources */,
				BF9A368822902DE200EE2AB8 /* AuthResponses.swift in Sources */,
				BF4A2FD42265F4020001B4CE /* UserDefaults.swift in Sources */,
				BFA92D1C237AED34006A3B8D /* UserViewReactor.swift in Sources */,
				BF9A368C2292D0C700EE2AB8 /* CookiePlugin.swift in Sources */,
				BF8F6EDB2273453100B9447A /* Then.swift in Sources */,
				BF4A2F6F225BB2B10001B4CE /* OnBoardingFlow.swift in Sources */,
				BF4A2F45225B751F0001B4CE /* AppFlow.swift in Sources */,
				BF4A2FAE2260F0040001B4CE /* Logger.swift in Sources */,
				BF78B61E2296CE7B0057157A /* TokenState.swift in Sources */,
				BF4A2F74225BB4B90001B4CE /* AppSteps.swift in Sources */,
				BF9A3670228D5F2700EE2AB8 /* Stubbed.swift in Sources */,
				BF9A3663228C3F2500EE2AB8 /* TasksApi.swift in Sources */,
				BF4A2F82225BBA3F0001B4CE /* TasksFlow.swift in Sources */,
				BF0BB9FB236B495F00454BDD /* Eureka+Valid+Rx.swift in Sources */,
				BF4A2F84225BBA4D0001B4CE /* SecondFlow.swift in Sources */,
				BF8C672C2280177E0012B5A8 /* UICollectionView+ReusableKit.swift in Sources */,
				BFA92D2F237C050C006A3B8D /* CoreFormController.swift in Sources */,
				BF00138B237427670044C01A /* Eureka.swift in Sources */,
				BF3B775523608F4400ECD30A /* CoreUIButton.swift in Sources */,
				BF425486221EBB9700395AE6 /* TasksListController.swift in Sources */,
			);
			runOnlyForDeploymentPostprocessing = 0;
		};
		BF425492221EBB9800395AE6 /* Sources */ = {
			isa = PBXSourcesBuildPhase;
			buildActionMask = 2147483647;
			files = (
				BF42549B221EBB9800395AE6 /* swiftTests.swift in Sources */,
			);
			runOnlyForDeploymentPostprocessing = 0;
		};
		BF42549D221EBB9800395AE6 /* Sources */ = {
			isa = PBXSourcesBuildPhase;
			buildActionMask = 2147483647;
			files = (
				BF4254A6221EBB9800395AE6 /* swiftUITests.swift in Sources */,
			);
			runOnlyForDeploymentPostprocessing = 0;
		};
/* End PBXSourcesBuildPhase section */

/* Begin PBXTargetDependency section */
		BF425498221EBB9800395AE6 /* PBXTargetDependency */ = {
			isa = PBXTargetDependency;
			target = BF42547F221EBB9700395AE6 /* swift */;
			targetProxy = BF425497221EBB9800395AE6 /* PBXContainerItemProxy */;
		};
		BF4254A3221EBB9800395AE6 /* PBXTargetDependency */ = {
			isa = PBXTargetDependency;
			target = BF42547F221EBB9700395AE6 /* swift */;
			targetProxy = BF4254A2221EBB9800395AE6 /* PBXContainerItemProxy */;
		};
/* End PBXTargetDependency section */

/* Begin PBXVariantGroup section */
		BF0CD6B822563CC200844F9A /* Localizable.strings */ = {
			isa = PBXVariantGroup;
			children = (
				BF0CD6B722563CC200844F9A /* en */,
				BF0CD6B922563CC300844F9A /* fr */,
			);
			name = Localizable.strings;
			sourceTree = "<group>";
		};
		BF42548E221EBB9800395AE6 /* LaunchScreen.storyboard */ = {
			isa = PBXVariantGroup;
			children = (
				BF42548F221EBB9800395AE6 /* Base */,
				BF0CD6A322563B3900844F9A /* fr */,
			);
			name = LaunchScreen.storyboard;
			sourceTree = "<group>";
		};
/* End PBXVariantGroup section */

/* Begin XCBuildConfiguration section */
		BF4254A8221EBB9800395AE6 /* development */ = {
			isa = XCBuildConfiguration;
			buildSettings = {
				ALWAYS_SEARCH_USER_PATHS = NO;
				CLANG_ANALYZER_LOCALIZABILITY_NONLOCALIZED = YES;
				CLANG_ANALYZER_NONNULL = YES;
				CLANG_ANALYZER_NUMBER_OBJECT_CONVERSION = YES_AGGRESSIVE;
				CLANG_CXX_LANGUAGE_STANDARD = "gnu++14";
				CLANG_CXX_LIBRARY = "libc++";
				CLANG_ENABLE_MODULES = YES;
				CLANG_ENABLE_OBJC_ARC = YES;
				CLANG_ENABLE_OBJC_WEAK = YES;
				CLANG_WARN_BLOCK_CAPTURE_AUTORELEASING = YES;
				CLANG_WARN_BOOL_CONVERSION = YES;
				CLANG_WARN_COMMA = YES;
				CLANG_WARN_CONSTANT_CONVERSION = YES;
				CLANG_WARN_DEPRECATED_OBJC_IMPLEMENTATIONS = YES;
				CLANG_WARN_DIRECT_OBJC_ISA_USAGE = YES_ERROR;
				CLANG_WARN_DOCUMENTATION_COMMENTS = YES;
				CLANG_WARN_EMPTY_BODY = YES;
				CLANG_WARN_ENUM_CONVERSION = YES;
				CLANG_WARN_INFINITE_RECURSION = YES;
				CLANG_WARN_INT_CONVERSION = YES;
				CLANG_WARN_NON_LITERAL_NULL_CONVERSION = YES;
				CLANG_WARN_OBJC_IMPLICIT_RETAIN_SELF = YES;
				CLANG_WARN_OBJC_LITERAL_CONVERSION = YES;
				CLANG_WARN_OBJC_ROOT_CLASS = YES_ERROR;
				CLANG_WARN_RANGE_LOOP_ANALYSIS = YES;
				CLANG_WARN_STRICT_PROTOTYPES = YES;
				CLANG_WARN_SUSPICIOUS_MOVE = YES;
				CLANG_WARN_UNGUARDED_AVAILABILITY = YES_AGGRESSIVE;
				CLANG_WARN_UNREACHABLE_CODE = YES;
				CLANG_WARN__DUPLICATE_METHOD_MATCH = YES;
				CODE_SIGN_IDENTITY = "iPhone Developer";
				COPY_PHASE_STRIP = NO;
				DEBUG_INFORMATION_FORMAT = dwarf;
				ENABLE_STRICT_OBJC_MSGSEND = YES;
				ENABLE_TESTABILITY = YES;
				GCC_C_LANGUAGE_STANDARD = gnu11;
				GCC_DYNAMIC_NO_PIC = NO;
				GCC_NO_COMMON_BLOCKS = YES;
				GCC_OPTIMIZATION_LEVEL = 0;
				GCC_PREPROCESSOR_DEFINITIONS = (
					"DEBUG=1",
					"$(inherited)",
				);
				GCC_WARN_64_TO_32_BIT_CONVERSION = YES;
				GCC_WARN_ABOUT_RETURN_TYPE = YES_ERROR;
				GCC_WARN_UNDECLARED_SELECTOR = YES;
				GCC_WARN_UNINITIALIZED_AUTOS = YES_AGGRESSIVE;
				GCC_WARN_UNUSED_FUNCTION = YES;
				GCC_WARN_UNUSED_VARIABLE = YES;
				IPHONEOS_DEPLOYMENT_TARGET = 13.2;
				MTL_ENABLE_DEBUG_INFO = INCLUDE_SOURCE;
				MTL_FAST_MATH = YES;
				ONLY_ACTIVE_ARCH = YES;
				SDKROOT = iphoneos;
				SWIFT_ACTIVE_COMPILATION_CONDITIONS = DEBUG;
				SWIFT_ENABLE_BATCH_MODE = NO;
				SWIFT_OPTIMIZATION_LEVEL = "-Onone";
			};
			name = development;
		};
		BF4254A9221EBB9800395AE6 /* Release */ = {
			isa = XCBuildConfiguration;
			buildSettings = {
				ALWAYS_SEARCH_USER_PATHS = NO;
				CLANG_ANALYZER_LOCALIZABILITY_NONLOCALIZED = YES;
				CLANG_ANALYZER_NONNULL = YES;
				CLANG_ANALYZER_NUMBER_OBJECT_CONVERSION = YES_AGGRESSIVE;
				CLANG_CXX_LANGUAGE_STANDARD = "gnu++14";
				CLANG_CXX_LIBRARY = "libc++";
				CLANG_ENABLE_MODULES = YES;
				CLANG_ENABLE_OBJC_ARC = YES;
				CLANG_ENABLE_OBJC_WEAK = YES;
				CLANG_WARN_BLOCK_CAPTURE_AUTORELEASING = YES;
				CLANG_WARN_BOOL_CONVERSION = YES;
				CLANG_WARN_COMMA = YES;
				CLANG_WARN_CONSTANT_CONVERSION = YES;
				CLANG_WARN_DEPRECATED_OBJC_IMPLEMENTATIONS = YES;
				CLANG_WARN_DIRECT_OBJC_ISA_USAGE = YES_ERROR;
				CLANG_WARN_DOCUMENTATION_COMMENTS = YES;
				CLANG_WARN_EMPTY_BODY = YES;
				CLANG_WARN_ENUM_CONVERSION = YES;
				CLANG_WARN_INFINITE_RECURSION = YES;
				CLANG_WARN_INT_CONVERSION = YES;
				CLANG_WARN_NON_LITERAL_NULL_CONVERSION = YES;
				CLANG_WARN_OBJC_IMPLICIT_RETAIN_SELF = YES;
				CLANG_WARN_OBJC_LITERAL_CONVERSION = YES;
				CLANG_WARN_OBJC_ROOT_CLASS = YES_ERROR;
				CLANG_WARN_RANGE_LOOP_ANALYSIS = YES;
				CLANG_WARN_STRICT_PROTOTYPES = YES;
				CLANG_WARN_SUSPICIOUS_MOVE = YES;
				CLANG_WARN_UNGUARDED_AVAILABILITY = YES_AGGRESSIVE;
				CLANG_WARN_UNREACHABLE_CODE = YES;
				CLANG_WARN__DUPLICATE_METHOD_MATCH = YES;
				CODE_SIGN_IDENTITY = "iPhone Developer";
				COPY_PHASE_STRIP = NO;
				DEBUG_INFORMATION_FORMAT = "dwarf-with-dsym";
				ENABLE_NS_ASSERTIONS = NO;
				ENABLE_STRICT_OBJC_MSGSEND = YES;
				GCC_C_LANGUAGE_STANDARD = gnu11;
				GCC_NO_COMMON_BLOCKS = YES;
				GCC_WARN_64_TO_32_BIT_CONVERSION = YES;
				GCC_WARN_ABOUT_RETURN_TYPE = YES_ERROR;
				GCC_WARN_UNDECLARED_SELECTOR = YES;
				GCC_WARN_UNINITIALIZED_AUTOS = YES_AGGRESSIVE;
				GCC_WARN_UNUSED_FUNCTION = YES;
				GCC_WARN_UNUSED_VARIABLE = YES;
				IPHONEOS_DEPLOYMENT_TARGET = 13.2;
				MTL_ENABLE_DEBUG_INFO = NO;
				MTL_FAST_MATH = YES;
				SDKROOT = iphoneos;
				SWIFT_COMPILATION_MODE = wholemodule;
				SWIFT_ENABLE_BATCH_MODE = NO;
				SWIFT_OPTIMIZATION_LEVEL = "-O";
				VALIDATE_PRODUCT = YES;
			};
			name = Release;
		};
		BF4254AB221EBB9800395AE6 /* development */ = {
			isa = XCBuildConfiguration;
			buildSettings = {
				ASSETCATALOG_COMPILER_APPICON_NAME = AppIcon;
				CODE_SIGN_ENTITLEMENTS = swift/swift.entitlements;
				CODE_SIGN_STYLE = Automatic;
				DEVELOPMENT_TEAM = 5TTXU376YU;
				FRAMEWORK_SEARCH_PATHS = (
					"$(inherited)",
					"$(PROJECT_DIR)/Carthage/Build/iOS",
				);
				INFOPLIST_FILE = swift/Info.plist;
				IPHONEOS_DEPLOYMENT_TARGET = 13.2;
				LD_RUNPATH_SEARCH_PATHS = (
					"$(inherited)",
					"@executable_path/Frameworks",
				);
				PRODUCT_BUNDLE_IDENTIFIER = me.weareopensource.swift;
				PRODUCT_NAME = "$(TARGET_NAME)";
				SWIFT_OBJC_BRIDGING_HEADER = swift/config/BridgingHeader.h;
				SWIFT_VERSION = 5.0;
				TARGETED_DEVICE_FAMILY = "1,2";
			};
			name = development;
		};
		BF4254AC221EBB9800395AE6 /* Release */ = {
			isa = XCBuildConfiguration;
			buildSettings = {
				ASSETCATALOG_COMPILER_APPICON_NAME = AppIcon;
				CODE_SIGN_ENTITLEMENTS = swift/swift.entitlements;
				CODE_SIGN_STYLE = Automatic;
				DEVELOPMENT_TEAM = 5TTXU376YU;
				FRAMEWORK_SEARCH_PATHS = (
					"$(inherited)",
					"$(PROJECT_DIR)/Carthage/Build/iOS",
				);
				INFOPLIST_FILE = swift/Info.plist;
				IPHONEOS_DEPLOYMENT_TARGET = 13.2;
				LD_RUNPATH_SEARCH_PATHS = (
					"$(inherited)",
					"@executable_path/Frameworks",
				);
				PRODUCT_BUNDLE_IDENTIFIER = me.weareopensource.swift;
				PRODUCT_NAME = "$(TARGET_NAME)";
				SWIFT_OBJC_BRIDGING_HEADER = swift/config/BridgingHeader.h;
				SWIFT_VERSION = 5.0;
				TARGETED_DEVICE_FAMILY = "1,2";
			};
			name = Release;
		};
		BF4254AE221EBB9800395AE6 /* development */ = {
			isa = XCBuildConfiguration;
			buildSettings = {
				ALWAYS_EMBED_SWIFT_STANDARD_LIBRARIES = YES;
				BUNDLE_LOADER = "$(TEST_HOST)";
				CODE_SIGN_STYLE = Automatic;
				INFOPLIST_FILE = swiftTests/Info.plist;
				LD_RUNPATH_SEARCH_PATHS = (
					"$(inherited)",
					"@executable_path/Frameworks",
					"@loader_path/Frameworks",
				);
				PRODUCT_BUNDLE_IDENTIFIER = me.weareopensource.swiftTests;
				PRODUCT_NAME = "$(TARGET_NAME)";
				SWIFT_VERSION = 5.0;
				TARGETED_DEVICE_FAMILY = "1,2";
				TEST_HOST = "$(BUILT_PRODUCTS_DIR)/swift.app/swift";
			};
			name = development;
		};
		BF4254AF221EBB9800395AE6 /* Release */ = {
			isa = XCBuildConfiguration;
			buildSettings = {
				ALWAYS_EMBED_SWIFT_STANDARD_LIBRARIES = YES;
				BUNDLE_LOADER = "$(TEST_HOST)";
				CODE_SIGN_STYLE = Automatic;
				INFOPLIST_FILE = swiftTests/Info.plist;
				LD_RUNPATH_SEARCH_PATHS = (
					"$(inherited)",
					"@executable_path/Frameworks",
					"@loader_path/Frameworks",
				);
				PRODUCT_BUNDLE_IDENTIFIER = me.weareopensource.swiftTests;
				PRODUCT_NAME = "$(TARGET_NAME)";
				SWIFT_VERSION = 5.0;
				TARGETED_DEVICE_FAMILY = "1,2";
				TEST_HOST = "$(BUILT_PRODUCTS_DIR)/swift.app/swift";
			};
			name = Release;
		};
		BF4254B1221EBB9800395AE6 /* development */ = {
			isa = XCBuildConfiguration;
			buildSettings = {
				ALWAYS_EMBED_SWIFT_STANDARD_LIBRARIES = YES;
				CODE_SIGN_STYLE = Automatic;
				INFOPLIST_FILE = swiftUITests/Info.plist;
				LD_RUNPATH_SEARCH_PATHS = (
					"$(inherited)",
					"@executable_path/Frameworks",
					"@loader_path/Frameworks",
				);
				PRODUCT_BUNDLE_IDENTIFIER = me.weareopensource.swiftUITests;
				PRODUCT_NAME = "$(TARGET_NAME)";
				SWIFT_VERSION = 5.0;
				TARGETED_DEVICE_FAMILY = "1,2";
				TEST_TARGET_NAME = swift;
			};
			name = development;
		};
		BF4254B2221EBB9800395AE6 /* Release */ = {
			isa = XCBuildConfiguration;
			buildSettings = {
				ALWAYS_EMBED_SWIFT_STANDARD_LIBRARIES = YES;
				CODE_SIGN_STYLE = Automatic;
				INFOPLIST_FILE = swiftUITests/Info.plist;
				LD_RUNPATH_SEARCH_PATHS = (
					"$(inherited)",
					"@executable_path/Frameworks",
					"@loader_path/Frameworks",
				);
				PRODUCT_BUNDLE_IDENTIFIER = me.weareopensource.swiftUITests;
				PRODUCT_NAME = "$(TARGET_NAME)";
				SWIFT_VERSION = 5.0;
				TARGETED_DEVICE_FAMILY = "1,2";
				TEST_TARGET_NAME = swift;
			};
			name = Release;
		};
		BF4A2FB7226474190001B4CE /* production */ = {
			isa = XCBuildConfiguration;
			buildSettings = {
				ALWAYS_SEARCH_USER_PATHS = NO;
				CLANG_ANALYZER_LOCALIZABILITY_NONLOCALIZED = YES;
				CLANG_ANALYZER_NONNULL = YES;
				CLANG_ANALYZER_NUMBER_OBJECT_CONVERSION = YES_AGGRESSIVE;
				CLANG_CXX_LANGUAGE_STANDARD = "gnu++14";
				CLANG_CXX_LIBRARY = "libc++";
				CLANG_ENABLE_MODULES = YES;
				CLANG_ENABLE_OBJC_ARC = YES;
				CLANG_ENABLE_OBJC_WEAK = YES;
				CLANG_WARN_BLOCK_CAPTURE_AUTORELEASING = YES;
				CLANG_WARN_BOOL_CONVERSION = YES;
				CLANG_WARN_COMMA = YES;
				CLANG_WARN_CONSTANT_CONVERSION = YES;
				CLANG_WARN_DEPRECATED_OBJC_IMPLEMENTATIONS = YES;
				CLANG_WARN_DIRECT_OBJC_ISA_USAGE = YES_ERROR;
				CLANG_WARN_DOCUMENTATION_COMMENTS = YES;
				CLANG_WARN_EMPTY_BODY = YES;
				CLANG_WARN_ENUM_CONVERSION = YES;
				CLANG_WARN_INFINITE_RECURSION = YES;
				CLANG_WARN_INT_CONVERSION = YES;
				CLANG_WARN_NON_LITERAL_NULL_CONVERSION = YES;
				CLANG_WARN_OBJC_IMPLICIT_RETAIN_SELF = YES;
				CLANG_WARN_OBJC_LITERAL_CONVERSION = YES;
				CLANG_WARN_OBJC_ROOT_CLASS = YES_ERROR;
				CLANG_WARN_RANGE_LOOP_ANALYSIS = YES;
				CLANG_WARN_STRICT_PROTOTYPES = YES;
				CLANG_WARN_SUSPICIOUS_MOVE = YES;
				CLANG_WARN_UNGUARDED_AVAILABILITY = YES_AGGRESSIVE;
				CLANG_WARN_UNREACHABLE_CODE = YES;
				CLANG_WARN__DUPLICATE_METHOD_MATCH = YES;
				CODE_SIGN_IDENTITY = "iPhone Developer";
				COPY_PHASE_STRIP = NO;
				DEBUG_INFORMATION_FORMAT = dwarf;
				ENABLE_STRICT_OBJC_MSGSEND = YES;
				ENABLE_TESTABILITY = YES;
				GCC_C_LANGUAGE_STANDARD = gnu11;
				GCC_DYNAMIC_NO_PIC = NO;
				GCC_NO_COMMON_BLOCKS = YES;
				GCC_OPTIMIZATION_LEVEL = 0;
				GCC_PREPROCESSOR_DEFINITIONS = (
					"DEBUG=1",
					"$(inherited)",
				);
				GCC_WARN_64_TO_32_BIT_CONVERSION = YES;
				GCC_WARN_ABOUT_RETURN_TYPE = YES_ERROR;
				GCC_WARN_UNDECLARED_SELECTOR = YES;
				GCC_WARN_UNINITIALIZED_AUTOS = YES_AGGRESSIVE;
				GCC_WARN_UNUSED_FUNCTION = YES;
				GCC_WARN_UNUSED_VARIABLE = YES;
				IPHONEOS_DEPLOYMENT_TARGET = 13.2;
				MTL_ENABLE_DEBUG_INFO = INCLUDE_SOURCE;
				MTL_FAST_MATH = YES;
				ONLY_ACTIVE_ARCH = YES;
				SDKROOT = iphoneos;
				SWIFT_ACTIVE_COMPILATION_CONDITIONS = DEBUG;
				SWIFT_ENABLE_BATCH_MODE = NO;
				SWIFT_OPTIMIZATION_LEVEL = "-Onone";
			};
			name = production;
		};
		BF4A2FB8226474190001B4CE /* production */ = {
			isa = XCBuildConfiguration;
			buildSettings = {
				ASSETCATALOG_COMPILER_APPICON_NAME = AppIcon;
				CODE_SIGN_ENTITLEMENTS = swift/swift.entitlements;
				CODE_SIGN_STYLE = Automatic;
				DEVELOPMENT_TEAM = 5TTXU376YU;
				FRAMEWORK_SEARCH_PATHS = (
					"$(inherited)",
					"$(PROJECT_DIR)/Carthage/Build/iOS",
				);
				INFOPLIST_FILE = swift/Info.plist;
				IPHONEOS_DEPLOYMENT_TARGET = 13.2;
				LD_RUNPATH_SEARCH_PATHS = (
					"$(inherited)",
					"@executable_path/Frameworks",
				);
				PRODUCT_BUNDLE_IDENTIFIER = me.weareopensource.swift;
				PRODUCT_NAME = "$(TARGET_NAME)";
				SWIFT_OBJC_BRIDGING_HEADER = swift/config/BridgingHeader.h;
				SWIFT_VERSION = 5.0;
				TARGETED_DEVICE_FAMILY = "1,2";
			};
			name = production;
		};
		BF4A2FB9226474190001B4CE /* production */ = {
			isa = XCBuildConfiguration;
			buildSettings = {
				ALWAYS_EMBED_SWIFT_STANDARD_LIBRARIES = YES;
				BUNDLE_LOADER = "$(TEST_HOST)";
				CODE_SIGN_STYLE = Automatic;
				INFOPLIST_FILE = swiftTests/Info.plist;
				LD_RUNPATH_SEARCH_PATHS = (
					"$(inherited)",
					"@executable_path/Frameworks",
					"@loader_path/Frameworks",
				);
				PRODUCT_BUNDLE_IDENTIFIER = me.weareopensource.swiftTests;
				PRODUCT_NAME = "$(TARGET_NAME)";
				SWIFT_VERSION = 5.0;
				TARGETED_DEVICE_FAMILY = "1,2";
				TEST_HOST = "$(BUILT_PRODUCTS_DIR)/swift.app/swift";
			};
			name = production;
		};
		BF4A2FBA226474190001B4CE /* production */ = {
			isa = XCBuildConfiguration;
			buildSettings = {
				ALWAYS_EMBED_SWIFT_STANDARD_LIBRARIES = YES;
				CODE_SIGN_STYLE = Automatic;
				INFOPLIST_FILE = swiftUITests/Info.plist;
				LD_RUNPATH_SEARCH_PATHS = (
					"$(inherited)",
					"@executable_path/Frameworks",
					"@loader_path/Frameworks",
				);
				PRODUCT_BUNDLE_IDENTIFIER = me.weareopensource.swiftUITests;
				PRODUCT_NAME = "$(TARGET_NAME)";
				SWIFT_VERSION = 5.0;
				TARGETED_DEVICE_FAMILY = "1,2";
				TEST_TARGET_NAME = swift;
			};
			name = production;
		};
/* End XCBuildConfiguration section */

/* Begin XCConfigurationList section */
		BF42547B221EBB9700395AE6 /* Build configuration list for PBXProject "swift" */ = {
			isa = XCConfigurationList;
			buildConfigurations = (
				BF4254A8221EBB9800395AE6 /* development */,
				BF4A2FB7226474190001B4CE /* production */,
				BF4254A9221EBB9800395AE6 /* Release */,
			);
			defaultConfigurationIsVisible = 0;
			defaultConfigurationName = Release;
		};
		BF4254AA221EBB9800395AE6 /* Build configuration list for PBXNativeTarget "swift" */ = {
			isa = XCConfigurationList;
			buildConfigurations = (
				BF4254AB221EBB9800395AE6 /* development */,
				BF4A2FB8226474190001B4CE /* production */,
				BF4254AC221EBB9800395AE6 /* Release */,
			);
			defaultConfigurationIsVisible = 0;
			defaultConfigurationName = Release;
		};
		BF4254AD221EBB9800395AE6 /* Build configuration list for PBXNativeTarget "swiftTests" */ = {
			isa = XCConfigurationList;
			buildConfigurations = (
				BF4254AE221EBB9800395AE6 /* development */,
				BF4A2FB9226474190001B4CE /* production */,
				BF4254AF221EBB9800395AE6 /* Release */,
			);
			defaultConfigurationIsVisible = 0;
			defaultConfigurationName = Release;
		};
		BF4254B0221EBB9800395AE6 /* Build configuration list for PBXNativeTarget "swiftUITests" */ = {
			isa = XCConfigurationList;
			buildConfigurations = (
				BF4254B1221EBB9800395AE6 /* development */,
				BF4A2FBA226474190001B4CE /* production */,
				BF4254B2221EBB9800395AE6 /* Release */,
			);
			defaultConfigurationIsVisible = 0;
			defaultConfigurationName = Release;
		};
/* End XCConfigurationList section */
	};
	rootObject = BF425478221EBB9700395AE6 /* Project object */;
}
