{
  "object": {
    "pins": [
      {
        "package": "Alamofire",
        "repositoryURL": "https://github.com/Alamofire/Alamofire.git",
        "state": {
          "branch": null,
          "revision": "f82c23a8a7ef8dc1a49a8bfc6a96883e79121864",
          "version": "5.5.0"
        }
      },
      {
        "package": "CocoaLumberjack",
        "repositoryURL": "https://github.com/CocoaLumberjack/CocoaLumberjack.git",
        "state": {
          "branch": null,
          "revision": "80ada1f753b0d53d9b57c465936a7c4169375002",
          "version": "3.7.4"
        }
      },
      {
        "package": "CwlCatchException",
        "repositoryURL": "https://github.com/mattgallagher/CwlCatchException.git",
        "state": {
          "branch": null,
          "revision": "35f9e770f54ce62dd8526470f14c6e137cef3eea",
          "version": "2.1.1"
        }
      },
      {
        "package": "CwlPreconditionTesting",
        "repositoryURL": "https://github.com/mattgallagher/CwlPreconditionTesting.git",
        "state": {
          "branch": null,
          "revision": "c21f7bab5ca8eee0a9998bbd17ca1d0eb45d4688",
          "version": "2.1.0"
        }
      },
      {
        "package": "Down",
        "repositoryURL": "https://github.com/iwasrobbed/Down.git",
        "state": {
          "branch": null,
          "revision": "f34b166be1f1db4aa8f573067e901d72f2a6be57",
          "version": "0.11.0"
        }
      },
      {
        "package": "Eureka",
        "repositoryURL": "https://github.com/xmartlabs/Eureka.git",
        "state": {
          "branch": null,
          "revision": "975e8d5e0ea3c86aff828537b2d4abe4430d6312",
          "version": "5.3.4"
        }
      },
      {
        "package": "FontAwesome",
        "repositoryURL": "https://github.com/thii/FontAwesome.swift.git",
        "state": {
          "branch": null,
          "revision": "07883a32d49dfc7bdedbeea115067b53dfbeeb43",
          "version": "1.9.1"
        }
      },
      {
        "package": "ImageRow",
        "repositoryURL": "https://github.com/EurekaCommunity/ImageRow.git",
        "state": {
          "branch": "master",
          "revision": "9e87f2c15b1567f836da09377d97abbf6eca2529",
          "version": null
        }
      },
      {
        "package": "KeychainAccess",
        "repositoryURL": "https://github.com/kishikawakatsumi/KeychainAccess.git",
        "state": {
          "branch": null,
          "revision": "84e546727d66f1adc5439debad16270d0fdd04e7",
          "version": "4.2.2"
        }
      },
      {
        "package": "Kingfisher",
        "repositoryURL": "https://github.com/onevcat/Kingfisher.git",
        "state": {
          "branch": null,
          "revision": "d06df9adf50ed8cde5786d935836a5f445f780ba",
          "version": "6.3.1"
        }
      },
      {
        "package": "Logger",
        "repositoryURL": "https://github.com/shibapm/Logger",
        "state": {
          "branch": null,
          "revision": "53c3ecca5abe8cf46697e33901ee774236d94cce",
          "version": "0.2.3"
        }
      },
      {
        "package": "Moya",
        "repositoryURL": "https://github.com/PierreBrisorgueil/Moya.git",
        "state": {
          "branch": "nimblefix",
          "revision": "64baf67ceb724474cfc3477f240c86a243e73f39",
          "version": null
        }
      },
      {
        "package": "Nimble",
        "repositoryURL": "https://github.com/Quick/Nimble.git",
        "state": {
          "branch": null,
          "revision": "c93f16c25af5770f0d3e6af27c9634640946b068",
          "version": "9.2.1"
        }
      },
      {
        "package": "OHHTTPStubs",
        "repositoryURL": "https://github.com/AliSoftware/OHHTTPStubs.git",
        "state": {
          "branch": null,
          "revision": "12f19662426d0434d6c330c6974d53e2eb10ecd9",
          "version": "9.1.0"
        }
      },
      {
        "package": "PackageConfig",
        "repositoryURL": "https://github.com/shibapm/PackageConfig.git",
        "state": {
          "branch": null,
          "revision": "58523193c26fb821ed1720dcd8a21009055c7cdb",
          "version": "1.1.3"
        }
      },
      {
        "package": "Quick",
        "repositoryURL": "https://github.com/Quick/Quick.git",
        "state": {
          "branch": null,
          "revision": "8cce6acd38f965f5baa3167b939f86500314022b",
          "version": "3.1.2"
        }
      },
      {
        "package": "ReactiveSwift",
        "repositoryURL": "https://github.com/Moya/ReactiveSwift.git",
        "state": {
          "branch": null,
          "revision": "f195d82bb30e412e70446e2b4a77e1b514099e88",
          "version": "6.1.0"
        }
      },
      {
        "package": "ReactorKit",
        "repositoryURL": "https://github.com/ReactorKit/ReactorKit.git",
        "state": {
          "branch": null,
          "revision": "a16e349e93d8b4c3e6c8fd210b43660dbd7016cc",
          "version": "3.0.0"
        }
      },
      {
        "package": "Reusable",
        "repositoryURL": "https://github.com/AliSoftware/Reusable.git",
        "state": {
          "branch": null,
          "revision": "18674709421360e210c2ecd4e8e08b217d4ea61d",
          "version": "4.1.2"
        }
      },
      {
        "package": "Rocket",
        "repositoryURL": "https://github.com/shibapm/Rocket",
        "state": {
          "branch": null,
          "revision": "9880a5beb7fcb9e61ddd5764edc1700b8c418deb",
          "version": "1.2.1"
        }
      },
      {
        "package": "RxAppState",
        "repositoryURL": "https://github.com/pixeldock/RxAppState.git",
        "state": {
          "branch": null,
          "revision": "956f438ea16481c1bd9a8ca3bc169af7435aaf0b",
          "version": "1.7.1"
        }
      },
      {
        "package": "RxDataSources",
        "repositoryURL": "https://github.com/thedavidharris/RxDataSources.git",
        "state": {
          "branch": null,
          "revision": "241c62e7b578b2346c8b60efdf31b4eb2eab2966",
          "version": "5.0.0"
        }
      },
      {
        "package": "RxFlow",
        "repositoryURL": "https://github.com/RxSwiftCommunity/RxFlow.git",
        "state": {
          "branch": null,
          "revision": "8114d4781b9c5de693ed225cfb28ca3b695b023a",
          "version": "2.12.4"
        }
      },
      {
        "package": "RxOptional",
        "repositoryURL": "https://github.com/RxSwiftCommunity/RxOptional.git",
        "state": {
          "branch": null,
          "revision": "f116ec9c727a76e92fabc1724bb7f57e4772402f",
          "version": "5.0.4"
        }
      },
      {
        "package": "RxSwift",
        "repositoryURL": "https://github.com/ReactiveX/RxSwift.git",
        "state": {
          "branch": null,
          "revision": "7c17a6ccca06b5c107cfa4284e634562ddaf5951",
          "version": "6.2.0"
        }
      },
      {
        "package": "SnapKit",
        "repositoryURL": "https://github.com/SnapKit/SnapKit.git",
        "state": {
          "branch": null,
          "revision": "d458564516e5676af9c70b4f4b2a9178294f1bc6",
          "version": "5.0.1"
        }
      },
      {
        "package": "swift-log",
        "repositoryURL": "https://github.com/apple/swift-log.git",
        "state": {
          "branch": null,
          "revision": "5d66f7ba25daf4f94100e7022febf3c75e37a6c7",
          "version": "1.4.2"
        }
      },
      {
        "package": "SwiftMessages",
        "repositoryURL": "https://github.com/SwiftKickMobile/SwiftMessages.git",
        "state": {
          "branch": null,
          "revision": "1e49de7b3780b69927bc3e61903d8ec0693a3dc5",
          "version": "9.0.5"
        }
      },
      {
        "package": "SwiftShell",
        "repositoryURL": "https://github.com/kareman/SwiftShell",
        "state": {
          "branch": null,
          "revision": "a6014fe94c3dbff0ad500e8da4f251a5d336530b",
          "version": "5.1.0-beta.1"
        }
      },
      {
        "package": "SwiftSpinner",
        "repositoryURL": "https://github.com/icanzilb/SwiftSpinner",
        "state": {
          "branch": null,
          "revision": "f6cfeb6f1780571bdef8bdaf924ccdb573d23e33",
          "version": "2.2.0"
        }
      },
      {
        "package": "SwiftyJSON",
        "repositoryURL": "https://github.com/SwiftyJSON/SwiftyJSON.git",
        "state": {
          "branch": null,
          "revision": "2b6054efa051565954e1d2b9da831680026cd768",
          "version": "5.0.0"
        }
      },
      {
        "package": "Validator",
        "repositoryURL": "https://github.com/adamwaite/Validator.git",
        "state": {
          "branch": "master",
          "revision": "8dacfee6a28b1b8ffe3aa082b0647328dde454d7",
          "version": null
        }
      },
      {
        "package": "WeakMapTable",
        "repositoryURL": "https://github.com/ReactorKit/WeakMapTable.git",
        "state": {
          "branch": null,
          "revision": "9580560169b4b48ba2affe7badba6a7f360495f4",
          "version": "1.2.0"
        }
      },
      {
        "package": "Yams",
        "repositoryURL": "https://github.com/jpsim/Yams",
        "state": {
          "branch": null,
          "revision": "9ff1cc9327586db4e0c8f46f064b6a82ec1566fa",
          "version": "4.0.6"
        }
      }
    ]
  },
  "version": 1
}
